// !$*UTF8*$!
{
	archiveVersion = 1;
	classes = {
	};
	objectVersion = 52;
	objects = {

/* Begin PBXBuildFile section */
		86043B7C25F93E3400A29788 /* Log.swift in Sources */ = {isa = PBXBuildFile; fileRef = 86043B7B25F93E3400A29788 /* Log.swift */; };
		8607AD4B267B9032004FAFFD /* AppLifecycle.swift in Sources */ = {isa = PBXBuildFile; fileRef = 8607AD4A267B9032004FAFFD /* AppLifecycle.swift */; };
		8610004626178DB9008B972A /* DeviceKit in Frameworks */ = {isa = PBXBuildFile; productRef = 8610004526178DB9008B972A /* DeviceKit */; };
		8616CD5F266E673F0048980B /* ScreenName.swift in Sources */ = {isa = PBXBuildFile; fileRef = 8616CD5E266E673F0048980B /* ScreenName.swift */; };
		8624DAB5269CAE61005D65DE /* NetworkType.swift in Sources */ = {isa = PBXBuildFile; fileRef = 8624DAB4269CAE61005D65DE /* NetworkType.swift */; };
		86260ECE25CDC1DE009F3CB1 /* SplunkRum.framework in Frameworks */ = {isa = PBXBuildFile; fileRef = 86260EC425CDC1DE009F3CB1 /* SplunkRum.framework */; };
		86260ED525CDC1DE009F3CB1 /* SplunkRum.h in Headers */ = {isa = PBXBuildFile; fileRef = 86260EC725CDC1DE009F3CB1 /* SplunkRum.h */; settings = {ATTRIBUTES = (Public, ); }; };
		86260F0F25CDC407009F3CB1 /* SplunkRum.swift in Sources */ = {isa = PBXBuildFile; fileRef = 86260F0E25CDC407009F3CB1 /* SplunkRum.swift */; };
		86260F1925CDC6C4009F3CB1 /* ServerTimingTests.swift in Sources */ = {isa = PBXBuildFile; fileRef = 86260F1825CDC6C4009F3CB1 /* ServerTimingTests.swift */; };
		8634EDC425FA86D20082819A /* LimitingExporter.swift in Sources */ = {isa = PBXBuildFile; fileRef = 8634EDC325FA86D20082819A /* LimitingExporter.swift */; };
		863A2F4225ED7BB100F3ECE0 /* AppStart.swift in Sources */ = {isa = PBXBuildFile; fileRef = 863A2F4125ED7BB100F3ECE0 /* AppStart.swift */; };
		8654BCEC25E423170013F7F6 /* InstrumentationUtils.swift in Sources */ = {isa = PBXBuildFile; fileRef = 8654BCEB25E423170013F7F6 /* InstrumentationUtils.swift */; };
		8654BCF825E54D340013F7F6 /* ErrorReporting.swift in Sources */ = {isa = PBXBuildFile; fileRef = 8654BCF725E54D340013F7F6 /* ErrorReporting.swift */; };
		8654BCFC25E55E850013F7F6 /* TestUtils.swift in Sources */ = {isa = PBXBuildFile; fileRef = 8654BCFB25E55E850013F7F6 /* TestUtils.swift */; };
		8654BD0025E561AE0013F7F6 /* ErrorTests.swift in Sources */ = {isa = PBXBuildFile; fileRef = 8654BCFF25E561AE0013F7F6 /* ErrorTests.swift */; };
		865A5CA125DC33EF003A1E5A /* NetworkInstrumentationTests.swift in Sources */ = {isa = PBXBuildFile; fileRef = 865A5CA025DC33EF003A1E5A /* NetworkInstrumentationTests.swift */; };
		865A5CA625DC34D8003A1E5A /* Swifter in Frameworks */ = {isa = PBXBuildFile; productRef = 865A5CA525DC34D8003A1E5A /* Swifter */; };
		865DBDD92677AA7B00EFE8D5 /* RetryExporter.swift in Sources */ = {isa = PBXBuildFile; fileRef = 865DBDD82677AA7B00EFE8D5 /* RetryExporter.swift */; };
		866192F425ED329E0035F08E /* Session.swift in Sources */ = {isa = PBXBuildFile; fileRef = 866192F325ED329E0035F08E /* Session.swift */; };
		866192F825ED34750035F08E /* UtilsTests.swift in Sources */ = {isa = PBXBuildFile; fileRef = 866192F725ED34750035F08E /* UtilsTests.swift */; };
		869E0B86273AC46B00EBDA52 /* OpenTelemetryApi in Frameworks */ = {isa = PBXBuildFile; productRef = 869E0B85273AC46B00EBDA52 /* OpenTelemetryApi */; };
		869E0B88273AC47700EBDA52 /* OpenTelemetrySdk in Frameworks */ = {isa = PBXBuildFile; productRef = 869E0B87273AC47700EBDA52 /* OpenTelemetrySdk */; };
		869E0B8A273AC48000EBDA52 /* StdoutExporter in Frameworks */ = {isa = PBXBuildFile; productRef = 869E0B89273AC48000EBDA52 /* StdoutExporter */; };
		869E0B8C273AC48B00EBDA52 /* ZipkinExporter in Frameworks */ = {isa = PBXBuildFile; productRef = 869E0B8B273AC48B00EBDA52 /* ZipkinExporter */; };
		86AAAD4725CEC374001D1195 /* NetworkInstrumentation.swift in Sources */ = {isa = PBXBuildFile; fileRef = 86AAAD4625CEC374001D1195 /* NetworkInstrumentation.swift */; };
		86D3D39D25E82278004DD939 /* UIInstrumentation.swift in Sources */ = {isa = PBXBuildFile; fileRef = 86D3D39C25E82278004DD939 /* UIInstrumentation.swift */; };
		86F2A5CF2702476000641068 /* WebViewInstrumentation.swift in Sources */ = {isa = PBXBuildFile; fileRef = 86F2A5CE2702476000641068 /* WebViewInstrumentation.swift */; };
		E2ACB216283E3483006A1475 /* SpanToDiskExporter.swift in Sources */ = {isa = PBXBuildFile; fileRef = E2ACB215283E3483006A1475 /* SpanToDiskExporter.swift */; };
		E2ACB21B283F852E006A1475 /* SpanFromDiskExporter.swift in Sources */ = {isa = PBXBuildFile; fileRef = E2ACB21A283F852E006A1475 /* SpanFromDiskExporter.swift */; };
		E2ACB21D283F855C006A1475 /* SpanDb.swift in Sources */ = {isa = PBXBuildFile; fileRef = E2ACB21C283F855C006A1475 /* SpanDb.swift */; };
		E2ACB21F283F871D006A1475 /* ZipkinTransform.swift in Sources */ = {isa = PBXBuildFile; fileRef = E2ACB21E283F871D006A1475 /* ZipkinTransform.swift */; };
		E2ACB22128451939006A1475 /* libsqlite3.tbd in Frameworks */ = {isa = PBXBuildFile; fileRef = E2ACB22028451903006A1475 /* libsqlite3.tbd */; };
		E2AFD9E72846919C000F53BF /* BandwidthTracker.swift in Sources */ = {isa = PBXBuildFile; fileRef = E2AFD9E62846919C000F53BF /* BandwidthTracker.swift */; };
		E2AFD9E9284691EE000F53BF /* BandwidthTrackerTest.swift in Sources */ = {isa = PBXBuildFile; fileRef = E2AFD9E8284691EE000F53BF /* BandwidthTrackerTest.swift */; };
		E2AFD9EB28469C93000F53BF /* SpanDbTest.swift in Sources */ = {isa = PBXBuildFile; fileRef = E2AFD9EA28469C93000F53BF /* SpanDbTest.swift */; };
		E2AFD9F428473F7A000F53BF /* SplunkRum.framework in Frameworks */ = {isa = PBXBuildFile; fileRef = 86260EC425CDC1DE009F3CB1 /* SplunkRum.framework */; };
		E2AFD9FF2847A397000F53BF /* Swifter in Frameworks */ = {isa = PBXBuildFile; productRef = E2AFD9FE2847A397000F53BF /* Swifter */; };
		E2AFDA032847A6A0000F53BF /* SpanToDiskExportTest.swift in Sources */ = {isa = PBXBuildFile; fileRef = E2AFDA022847A6A0000F53BF /* SpanToDiskExportTest.swift */; };
		E2AFDA052847C529000F53BF /* SpanFromDiskExporterTest.swift in Sources */ = {isa = PBXBuildFile; fileRef = E2AFDA042847C529000F53BF /* SpanFromDiskExporterTest.swift */; };
		E2AFDA072847C678000F53BF /* DiskExportCommon.swift in Sources */ = {isa = PBXBuildFile; fileRef = E2AFDA062847C678000F53BF /* DiskExportCommon.swift */; };
		E2AFDA092847DAC8000F53BF /* DiskExportPipelineTest.swift in Sources */ = {isa = PBXBuildFile; fileRef = E2AFDA082847DAC8000F53BF /* DiskExportPipelineTest.swift */; };
/* End PBXBuildFile section */

/* Begin PBXContainerItemProxy section */
		86260ECF25CDC1DE009F3CB1 /* PBXContainerItemProxy */ = {
			isa = PBXContainerItemProxy;
			containerPortal = 86260EBB25CDC1DE009F3CB1 /* Project object */;
			proxyType = 1;
			remoteGlobalIDString = 86260EC325CDC1DE009F3CB1;
			remoteInfo = SplunkRum;
		};
		E2AFD9F528473F7A000F53BF /* PBXContainerItemProxy */ = {
			isa = PBXContainerItemProxy;
			containerPortal = 86260EBB25CDC1DE009F3CB1 /* Project object */;
			proxyType = 1;
			remoteGlobalIDString = 86260EC325CDC1DE009F3CB1;
			remoteInfo = SplunkRum;
		};
/* End PBXContainerItemProxy section */

/* Begin PBXCopyFilesBuildPhase section */
		863044D125F6CA4000E0F846 /* Embed Frameworks */ = {
			isa = PBXCopyFilesBuildPhase;
			buildActionMask = 2147483647;
			dstPath = "";
			dstSubfolderSpec = 10;
			files = (
			);
			name = "Embed Frameworks";
			runOnlyForDeploymentPostprocessing = 0;
		};
/* End PBXCopyFilesBuildPhase section */

/* Begin PBXFileReference section */
		86043B7B25F93E3400A29788 /* Log.swift */ = {isa = PBXFileReference; lastKnownFileType = sourcecode.swift; path = Log.swift; sourceTree = "<group>"; };
		8607AD4A267B9032004FAFFD /* AppLifecycle.swift */ = {isa = PBXFileReference; lastKnownFileType = sourcecode.swift; path = AppLifecycle.swift; sourceTree = "<group>"; };
		8616CD5E266E673F0048980B /* ScreenName.swift */ = {isa = PBXFileReference; lastKnownFileType = sourcecode.swift; path = ScreenName.swift; sourceTree = "<group>"; };
		8624DAB4269CAE61005D65DE /* NetworkType.swift */ = {isa = PBXFileReference; lastKnownFileType = sourcecode.swift; path = NetworkType.swift; sourceTree = "<group>"; };
		86260EC425CDC1DE009F3CB1 /* SplunkRum.framework */ = {isa = PBXFileReference; explicitFileType = wrapper.framework; includeInIndex = 0; path = SplunkRum.framework; sourceTree = BUILT_PRODUCTS_DIR; };
		86260EC725CDC1DE009F3CB1 /* SplunkRum.h */ = {isa = PBXFileReference; lastKnownFileType = sourcecode.c.h; path = SplunkRum.h; sourceTree = "<group>"; };
		86260EC825CDC1DE009F3CB1 /* Info.plist */ = {isa = PBXFileReference; lastKnownFileType = text.plist.xml; path = Info.plist; sourceTree = "<group>"; };
		86260ECD25CDC1DE009F3CB1 /* SplunkRumTests.xctest */ = {isa = PBXFileReference; explicitFileType = wrapper.cfbundle; includeInIndex = 0; path = SplunkRumTests.xctest; sourceTree = BUILT_PRODUCTS_DIR; };
		86260ED425CDC1DE009F3CB1 /* Info.plist */ = {isa = PBXFileReference; lastKnownFileType = text.plist.xml; path = Info.plist; sourceTree = "<group>"; };
		86260F0E25CDC407009F3CB1 /* SplunkRum.swift */ = {isa = PBXFileReference; fileEncoding = 4; lastKnownFileType = sourcecode.swift; path = SplunkRum.swift; sourceTree = "<group>"; };
		86260F1825CDC6C4009F3CB1 /* ServerTimingTests.swift */ = {isa = PBXFileReference; fileEncoding = 4; lastKnownFileType = sourcecode.swift; path = ServerTimingTests.swift; sourceTree = "<group>"; };
		8634EDC325FA86D20082819A /* LimitingExporter.swift */ = {isa = PBXFileReference; lastKnownFileType = sourcecode.swift; path = LimitingExporter.swift; sourceTree = "<group>"; };
		863A2F4125ED7BB100F3ECE0 /* AppStart.swift */ = {isa = PBXFileReference; lastKnownFileType = sourcecode.swift; path = AppStart.swift; sourceTree = "<group>"; };
		8654BCEB25E423170013F7F6 /* InstrumentationUtils.swift */ = {isa = PBXFileReference; lastKnownFileType = sourcecode.swift; path = InstrumentationUtils.swift; sourceTree = "<group>"; };
		8654BCF725E54D340013F7F6 /* ErrorReporting.swift */ = {isa = PBXFileReference; lastKnownFileType = sourcecode.swift; path = ErrorReporting.swift; sourceTree = "<group>"; };
		8654BCFB25E55E850013F7F6 /* TestUtils.swift */ = {isa = PBXFileReference; lastKnownFileType = sourcecode.swift; path = TestUtils.swift; sourceTree = "<group>"; };
		8654BCFF25E561AE0013F7F6 /* ErrorTests.swift */ = {isa = PBXFileReference; lastKnownFileType = sourcecode.swift; path = ErrorTests.swift; sourceTree = "<group>"; };
		865A5CA025DC33EF003A1E5A /* NetworkInstrumentationTests.swift */ = {isa = PBXFileReference; lastKnownFileType = sourcecode.swift; path = NetworkInstrumentationTests.swift; sourceTree = "<group>"; };
		865DBDD82677AA7B00EFE8D5 /* RetryExporter.swift */ = {isa = PBXFileReference; lastKnownFileType = sourcecode.swift; path = RetryExporter.swift; sourceTree = "<group>"; };
		866192F325ED329E0035F08E /* Session.swift */ = {isa = PBXFileReference; lastKnownFileType = sourcecode.swift; path = Session.swift; sourceTree = "<group>"; };
		866192F725ED34750035F08E /* UtilsTests.swift */ = {isa = PBXFileReference; lastKnownFileType = sourcecode.swift; path = UtilsTests.swift; sourceTree = "<group>"; };
		86AAAD4625CEC374001D1195 /* NetworkInstrumentation.swift */ = {isa = PBXFileReference; lastKnownFileType = sourcecode.swift; path = NetworkInstrumentation.swift; sourceTree = "<group>"; };
		86D3D39C25E82278004DD939 /* UIInstrumentation.swift */ = {isa = PBXFileReference; lastKnownFileType = sourcecode.swift; path = UIInstrumentation.swift; sourceTree = "<group>"; };
		86F2A5CE2702476000641068 /* WebViewInstrumentation.swift */ = {isa = PBXFileReference; lastKnownFileType = sourcecode.swift; path = WebViewInstrumentation.swift; sourceTree = "<group>"; };
		E2ACB215283E3483006A1475 /* SpanToDiskExporter.swift */ = {isa = PBXFileReference; lastKnownFileType = sourcecode.swift; path = SpanToDiskExporter.swift; sourceTree = "<group>"; };
		E2ACB21A283F852E006A1475 /* SpanFromDiskExporter.swift */ = {isa = PBXFileReference; lastKnownFileType = sourcecode.swift; path = SpanFromDiskExporter.swift; sourceTree = "<group>"; };
		E2ACB21C283F855C006A1475 /* SpanDb.swift */ = {isa = PBXFileReference; lastKnownFileType = sourcecode.swift; path = SpanDb.swift; sourceTree = "<group>"; };
		E2ACB21E283F871D006A1475 /* ZipkinTransform.swift */ = {isa = PBXFileReference; lastKnownFileType = sourcecode.swift; path = ZipkinTransform.swift; sourceTree = "<group>"; };
		E2ACB22028451903006A1475 /* libsqlite3.tbd */ = {isa = PBXFileReference; lastKnownFileType = "sourcecode.text-based-dylib-definition"; name = libsqlite3.tbd; path = Platforms/MacOSX.platform/Developer/SDKs/MacOSX12.1.sdk/usr/lib/libsqlite3.tbd; sourceTree = DEVELOPER_DIR; };
		E2AFD9E62846919C000F53BF /* BandwidthTracker.swift */ = {isa = PBXFileReference; lastKnownFileType = sourcecode.swift; path = BandwidthTracker.swift; sourceTree = "<group>"; };
		E2AFD9E8284691EE000F53BF /* BandwidthTrackerTest.swift */ = {isa = PBXFileReference; lastKnownFileType = sourcecode.swift; path = BandwidthTrackerTest.swift; sourceTree = "<group>"; };
		E2AFD9EA28469C93000F53BF /* SpanDbTest.swift */ = {isa = PBXFileReference; lastKnownFileType = sourcecode.swift; path = SpanDbTest.swift; sourceTree = "<group>"; };
		E2AFD9F028473F7A000F53BF /* SplunkRumDiskExportTests.xctest */ = {isa = PBXFileReference; explicitFileType = wrapper.cfbundle; includeInIndex = 0; path = SplunkRumDiskExportTests.xctest; sourceTree = BUILT_PRODUCTS_DIR; };
		E2AFDA022847A6A0000F53BF /* SpanToDiskExportTest.swift */ = {isa = PBXFileReference; lastKnownFileType = sourcecode.swift; path = SpanToDiskExportTest.swift; sourceTree = "<group>"; };
		E2AFDA042847C529000F53BF /* SpanFromDiskExporterTest.swift */ = {isa = PBXFileReference; lastKnownFileType = sourcecode.swift; path = SpanFromDiskExporterTest.swift; sourceTree = "<group>"; };
		E2AFDA062847C678000F53BF /* DiskExportCommon.swift */ = {isa = PBXFileReference; lastKnownFileType = sourcecode.swift; path = DiskExportCommon.swift; sourceTree = "<group>"; };
		E2AFDA082847DAC8000F53BF /* DiskExportPipelineTest.swift */ = {isa = PBXFileReference; lastKnownFileType = sourcecode.swift; path = DiskExportPipelineTest.swift; sourceTree = "<group>"; };
/* End PBXFileReference section */

/* Begin PBXFrameworksBuildPhase section */
		86260EC125CDC1DE009F3CB1 /* Frameworks */ = {
			isa = PBXFrameworksBuildPhase;
			buildActionMask = 2147483647;
			files = (
				E2ACB22128451939006A1475 /* libsqlite3.tbd in Frameworks */,
				869E0B88273AC47700EBDA52 /* OpenTelemetrySdk in Frameworks */,
				869E0B8C273AC48B00EBDA52 /* ZipkinExporter in Frameworks */,
				8610004626178DB9008B972A /* DeviceKit in Frameworks */,
				869E0B8A273AC48000EBDA52 /* StdoutExporter in Frameworks */,
				869E0B86273AC46B00EBDA52 /* OpenTelemetryApi in Frameworks */,
			);
			runOnlyForDeploymentPostprocessing = 0;
		};
		86260ECA25CDC1DE009F3CB1 /* Frameworks */ = {
			isa = PBXFrameworksBuildPhase;
			buildActionMask = 2147483647;
			files = (
				86260ECE25CDC1DE009F3CB1 /* SplunkRum.framework in Frameworks */,
				865A5CA625DC34D8003A1E5A /* Swifter in Frameworks */,
			);
			runOnlyForDeploymentPostprocessing = 0;
		};
		E2AFD9ED28473F7A000F53BF /* Frameworks */ = {
			isa = PBXFrameworksBuildPhase;
			buildActionMask = 2147483647;
			files = (
				E2AFD9F428473F7A000F53BF /* SplunkRum.framework in Frameworks */,
				E2AFD9FF2847A397000F53BF /* Swifter in Frameworks */,
			);
			runOnlyForDeploymentPostprocessing = 0;
		};
/* End PBXFrameworksBuildPhase section */

/* Begin PBXGroup section */
		86260EBA25CDC1DE009F3CB1 = {
			isa = PBXGroup;
			children = (
				86260EC625CDC1DE009F3CB1 /* SplunkRum */,
				86260ED125CDC1DE009F3CB1 /* SplunkRumTests */,
				E2AFD9F128473F7A000F53BF /* SplunkRumDiskExportTests */,
				86260EC525CDC1DE009F3CB1 /* Products */,
				863044CD25F6CA4000E0F846 /* Frameworks */,
			);
			sourceTree = "<group>";
		};
		86260EC525CDC1DE009F3CB1 /* Products */ = {
			isa = PBXGroup;
			children = (
				86260EC425CDC1DE009F3CB1 /* SplunkRum.framework */,
				86260ECD25CDC1DE009F3CB1 /* SplunkRumTests.xctest */,
				E2AFD9F028473F7A000F53BF /* SplunkRumDiskExportTests.xctest */,
			);
			name = Products;
			sourceTree = "<group>";
		};
		86260EC625CDC1DE009F3CB1 /* SplunkRum */ = {
			isa = PBXGroup;
			children = (
				86260F0E25CDC407009F3CB1 /* SplunkRum.swift */,
				86260EC725CDC1DE009F3CB1 /* SplunkRum.h */,
				86260EC825CDC1DE009F3CB1 /* Info.plist */,
				86AAAD4625CEC374001D1195 /* NetworkInstrumentation.swift */,
				8654BCEB25E423170013F7F6 /* InstrumentationUtils.swift */,
				8654BCF725E54D340013F7F6 /* ErrorReporting.swift */,
				86D3D39C25E82278004DD939 /* UIInstrumentation.swift */,
				866192F325ED329E0035F08E /* Session.swift */,
				863A2F4125ED7BB100F3ECE0 /* AppStart.swift */,
				86043B7B25F93E3400A29788 /* Log.swift */,
				8634EDC325FA86D20082819A /* LimitingExporter.swift */,
				8616CD5E266E673F0048980B /* ScreenName.swift */,
				865DBDD82677AA7B00EFE8D5 /* RetryExporter.swift */,
				8607AD4A267B9032004FAFFD /* AppLifecycle.swift */,
				8624DAB4269CAE61005D65DE /* NetworkType.swift */,
				86F2A5CE2702476000641068 /* WebViewInstrumentation.swift */,
				E2ACB215283E3483006A1475 /* SpanToDiskExporter.swift */,
				E2ACB21A283F852E006A1475 /* SpanFromDiskExporter.swift */,
				E2ACB21C283F855C006A1475 /* SpanDb.swift */,
				E2ACB21E283F871D006A1475 /* ZipkinTransform.swift */,
				E2AFD9E62846919C000F53BF /* BandwidthTracker.swift */,
			);
			path = SplunkRum;
			sourceTree = "<group>";
		};
		86260ED125CDC1DE009F3CB1 /* SplunkRumTests */ = {
			isa = PBXGroup;
			children = (
				86260F1825CDC6C4009F3CB1 /* ServerTimingTests.swift */,
				86260ED425CDC1DE009F3CB1 /* Info.plist */,
				865A5CA025DC33EF003A1E5A /* NetworkInstrumentationTests.swift */,
				8654BCFB25E55E850013F7F6 /* TestUtils.swift */,
				8654BCFF25E561AE0013F7F6 /* ErrorTests.swift */,
				866192F725ED34750035F08E /* UtilsTests.swift */,
				E2AFD9E8284691EE000F53BF /* BandwidthTrackerTest.swift */,
				E2AFD9EA28469C93000F53BF /* SpanDbTest.swift */,
			);
			path = SplunkRumTests;
			sourceTree = "<group>";
		};
		863044CD25F6CA4000E0F846 /* Frameworks */ = {
			isa = PBXGroup;
			children = (
				E2ACB22028451903006A1475 /* libsqlite3.tbd */,
			);
			name = Frameworks;
			sourceTree = "<group>";
		};
		E2AFD9F128473F7A000F53BF /* SplunkRumDiskExportTests */ = {
			isa = PBXGroup;
			children = (
				E2AFDA022847A6A0000F53BF /* SpanToDiskExportTest.swift */,
				E2AFDA042847C529000F53BF /* SpanFromDiskExporterTest.swift */,
				E2AFDA062847C678000F53BF /* DiskExportCommon.swift */,
				E2AFDA082847DAC8000F53BF /* DiskExportPipelineTest.swift */,
			);
			path = SplunkRumDiskExportTests;
			sourceTree = "<group>";
		};
/* End PBXGroup section */

/* Begin PBXHeadersBuildPhase section */
		86260EBF25CDC1DE009F3CB1 /* Headers */ = {
			isa = PBXHeadersBuildPhase;
			buildActionMask = 2147483647;
			files = (
				86260ED525CDC1DE009F3CB1 /* SplunkRum.h in Headers */,
			);
			runOnlyForDeploymentPostprocessing = 0;
		};
/* End PBXHeadersBuildPhase section */

/* Begin PBXNativeTarget section */
		86260EC325CDC1DE009F3CB1 /* SplunkRum */ = {
			isa = PBXNativeTarget;
			buildConfigurationList = 86260ED825CDC1DE009F3CB1 /* Build configuration list for PBXNativeTarget "SplunkRum" */;
			buildPhases = (
				86260EBF25CDC1DE009F3CB1 /* Headers */,
				86260EC025CDC1DE009F3CB1 /* Sources */,
				86260EC125CDC1DE009F3CB1 /* Frameworks */,
				86260EC225CDC1DE009F3CB1 /* Resources */,
				863044D125F6CA4000E0F846 /* Embed Frameworks */,
			);
			buildRules = (
			);
			dependencies = (
			);
			name = SplunkRum;
			packageProductDependencies = (
				8610004526178DB9008B972A /* DeviceKit */,
				869E0B85273AC46B00EBDA52 /* OpenTelemetryApi */,
				869E0B87273AC47700EBDA52 /* OpenTelemetrySdk */,
				869E0B89273AC48000EBDA52 /* StdoutExporter */,
				869E0B8B273AC48B00EBDA52 /* ZipkinExporter */,
			);
			productName = SplunkRum;
			productReference = 86260EC425CDC1DE009F3CB1 /* SplunkRum.framework */;
			productType = "com.apple.product-type.framework";
		};
		86260ECC25CDC1DE009F3CB1 /* SplunkRumTests */ = {
			isa = PBXNativeTarget;
			buildConfigurationList = 86260EDB25CDC1DE009F3CB1 /* Build configuration list for PBXNativeTarget "SplunkRumTests" */;
			buildPhases = (
				86260EC925CDC1DE009F3CB1 /* Sources */,
				86260ECA25CDC1DE009F3CB1 /* Frameworks */,
				86260ECB25CDC1DE009F3CB1 /* Resources */,
			);
			buildRules = (
			);
			dependencies = (
				86260ED025CDC1DE009F3CB1 /* PBXTargetDependency */,
			);
			name = SplunkRumTests;
			packageProductDependencies = (
				865A5CA525DC34D8003A1E5A /* Swifter */,
			);
			productName = SplunkRumTests;
			productReference = 86260ECD25CDC1DE009F3CB1 /* SplunkRumTests.xctest */;
			productType = "com.apple.product-type.bundle.unit-test";
		};
		E2AFD9EF28473F7A000F53BF /* SplunkRumDiskExportTests */ = {
			isa = PBXNativeTarget;
			buildConfigurationList = E2AFD9F728473F7A000F53BF /* Build configuration list for PBXNativeTarget "SplunkRumDiskExportTests" */;
			buildPhases = (
				E2AFD9EC28473F7A000F53BF /* Sources */,
				E2AFD9ED28473F7A000F53BF /* Frameworks */,
				E2AFD9EE28473F7A000F53BF /* Resources */,
			);
			buildRules = (
			);
			dependencies = (
				E2AFD9F628473F7A000F53BF /* PBXTargetDependency */,
			);
			name = SplunkRumDiskExportTests;
			packageProductDependencies = (
				E2AFD9FE2847A397000F53BF /* Swifter */,
			);
			productName = SplunkRumDiskExportTests;
			productReference = E2AFD9F028473F7A000F53BF /* SplunkRumDiskExportTests.xctest */;
			productType = "com.apple.product-type.bundle.unit-test";
		};
/* End PBXNativeTarget section */

/* Begin PBXProject section */
		86260EBB25CDC1DE009F3CB1 /* Project object */ = {
			isa = PBXProject;
			attributes = {
				LastSwiftUpdateCheck = 1320;
				LastUpgradeCheck = 1240;
				TargetAttributes = {
					86260EC325CDC1DE009F3CB1 = {
						CreatedOnToolsVersion = 12.4;
						LastSwiftMigration = 1240;
					};
					86260ECC25CDC1DE009F3CB1 = {
						CreatedOnToolsVersion = 12.4;
						LastSwiftMigration = 1240;
					};
					E2AFD9EF28473F7A000F53BF = {
						CreatedOnToolsVersion = 13.2.1;
					};
				};
			};
			buildConfigurationList = 86260EBE25CDC1DE009F3CB1 /* Build configuration list for PBXProject "SplunkRum" */;
			compatibilityVersion = "Xcode 9.3";
			developmentRegion = en;
			hasScannedForEncodings = 0;
			knownRegions = (
				en,
				Base,
			);
			mainGroup = 86260EBA25CDC1DE009F3CB1;
			packageReferences = (
				86260EE425CDC27F009F3CB1 /* XCRemoteSwiftPackageReference "opentelemetry-swift" */,
				865A5CA425DC34D8003A1E5A /* XCRemoteSwiftPackageReference "swifter" */,
				8610004426178DB9008B972A /* XCRemoteSwiftPackageReference "DeviceKit" */,
			);
			productRefGroup = 86260EC525CDC1DE009F3CB1 /* Products */;
			projectDirPath = "";
			projectRoot = "";
			targets = (
				86260EC325CDC1DE009F3CB1 /* SplunkRum */,
				86260ECC25CDC1DE009F3CB1 /* SplunkRumTests */,
				E2AFD9EF28473F7A000F53BF /* SplunkRumDiskExportTests */,
			);
		};
/* End PBXProject section */

/* Begin PBXResourcesBuildPhase section */
		86260EC225CDC1DE009F3CB1 /* Resources */ = {
			isa = PBXResourcesBuildPhase;
			buildActionMask = 2147483647;
			files = (
			);
			runOnlyForDeploymentPostprocessing = 0;
		};
		86260ECB25CDC1DE009F3CB1 /* Resources */ = {
			isa = PBXResourcesBuildPhase;
			buildActionMask = 2147483647;
			files = (
			);
			runOnlyForDeploymentPostprocessing = 0;
		};
		E2AFD9EE28473F7A000F53BF /* Resources */ = {
			isa = PBXResourcesBuildPhase;
			buildActionMask = 2147483647;
			files = (
			);
			runOnlyForDeploymentPostprocessing = 0;
		};
/* End PBXResourcesBuildPhase section */

/* Begin PBXSourcesBuildPhase section */
		86260EC025CDC1DE009F3CB1 /* Sources */ = {
			isa = PBXSourcesBuildPhase;
			buildActionMask = 2147483647;
			files = (
				8654BCEC25E423170013F7F6 /* InstrumentationUtils.swift in Sources */,
				8616CD5F266E673F0048980B /* ScreenName.swift in Sources */,
				86260F0F25CDC407009F3CB1 /* SplunkRum.swift in Sources */,
				E2ACB21F283F871D006A1475 /* ZipkinTransform.swift in Sources */,
				E2ACB21D283F855C006A1475 /* SpanDb.swift in Sources */,
				86043B7C25F93E3400A29788 /* Log.swift in Sources */,
				E2AFD9E72846919C000F53BF /* BandwidthTracker.swift in Sources */,
				865DBDD92677AA7B00EFE8D5 /* RetryExporter.swift in Sources */,
				E2ACB216283E3483006A1475 /* SpanToDiskExporter.swift in Sources */,
				863A2F4225ED7BB100F3ECE0 /* AppStart.swift in Sources */,
				8634EDC425FA86D20082819A /* LimitingExporter.swift in Sources */,
				866192F425ED329E0035F08E /* Session.swift in Sources */,
				86F2A5CF2702476000641068 /* WebViewInstrumentation.swift in Sources */,
				8624DAB5269CAE61005D65DE /* NetworkType.swift in Sources */,
				8607AD4B267B9032004FAFFD /* AppLifecycle.swift in Sources */,
				86AAAD4725CEC374001D1195 /* NetworkInstrumentation.swift in Sources */,
				E2ACB21B283F852E006A1475 /* SpanFromDiskExporter.swift in Sources */,
				86D3D39D25E82278004DD939 /* UIInstrumentation.swift in Sources */,
				8654BCF825E54D340013F7F6 /* ErrorReporting.swift in Sources */,
			);
			runOnlyForDeploymentPostprocessing = 0;
		};
		86260EC925CDC1DE009F3CB1 /* Sources */ = {
			isa = PBXSourcesBuildPhase;
			buildActionMask = 2147483647;
			files = (
				8654BD0025E561AE0013F7F6 /* ErrorTests.swift in Sources */,
				86260F1925CDC6C4009F3CB1 /* ServerTimingTests.swift in Sources */,
				8654BCFC25E55E850013F7F6 /* TestUtils.swift in Sources */,
				866192F825ED34750035F08E /* UtilsTests.swift in Sources */,
				E2AFD9E9284691EE000F53BF /* BandwidthTrackerTest.swift in Sources */,
				865A5CA125DC33EF003A1E5A /* NetworkInstrumentationTests.swift in Sources */,
				E2AFD9EB28469C93000F53BF /* SpanDbTest.swift in Sources */,
			);
			runOnlyForDeploymentPostprocessing = 0;
		};
		E2AFD9EC28473F7A000F53BF /* Sources */ = {
			isa = PBXSourcesBuildPhase;
			buildActionMask = 2147483647;
			files = (
				E2AFDA052847C529000F53BF /* SpanFromDiskExporterTest.swift in Sources */,
				E2AFDA092847DAC8000F53BF /* DiskExportPipelineTest.swift in Sources */,
				E2AFDA032847A6A0000F53BF /* SpanToDiskExportTest.swift in Sources */,
				E2AFDA072847C678000F53BF /* DiskExportCommon.swift in Sources */,
			);
			runOnlyForDeploymentPostprocessing = 0;
		};
/* End PBXSourcesBuildPhase section */

/* Begin PBXTargetDependency section */
		86260ED025CDC1DE009F3CB1 /* PBXTargetDependency */ = {
			isa = PBXTargetDependency;
			target = 86260EC325CDC1DE009F3CB1 /* SplunkRum */;
			targetProxy = 86260ECF25CDC1DE009F3CB1 /* PBXContainerItemProxy */;
		};
		E2AFD9F628473F7A000F53BF /* PBXTargetDependency */ = {
			isa = PBXTargetDependency;
			target = 86260EC325CDC1DE009F3CB1 /* SplunkRum */;
			targetProxy = E2AFD9F528473F7A000F53BF /* PBXContainerItemProxy */;
		};
/* End PBXTargetDependency section */

/* Begin XCBuildConfiguration section */
		86260ED625CDC1DE009F3CB1 /* Debug */ = {
			isa = XCBuildConfiguration;
			buildSettings = {
				ALWAYS_SEARCH_USER_PATHS = NO;
				CLANG_ANALYZER_NONNULL = YES;
				CLANG_ANALYZER_NUMBER_OBJECT_CONVERSION = YES_AGGRESSIVE;
				CLANG_CXX_LANGUAGE_STANDARD = "gnu++14";
				CLANG_CXX_LIBRARY = "libc++";
				CLANG_ENABLE_MODULES = YES;
				CLANG_ENABLE_OBJC_ARC = YES;
				CLANG_ENABLE_OBJC_WEAK = YES;
				CLANG_WARN_BLOCK_CAPTURE_AUTORELEASING = YES;
				CLANG_WARN_BOOL_CONVERSION = YES;
				CLANG_WARN_COMMA = YES;
				CLANG_WARN_CONSTANT_CONVERSION = YES;
				CLANG_WARN_DEPRECATED_OBJC_IMPLEMENTATIONS = YES;
				CLANG_WARN_DIRECT_OBJC_ISA_USAGE = YES_ERROR;
				CLANG_WARN_DOCUMENTATION_COMMENTS = YES;
				CLANG_WARN_EMPTY_BODY = YES;
				CLANG_WARN_ENUM_CONVERSION = YES;
				CLANG_WARN_INFINITE_RECURSION = YES;
				CLANG_WARN_INT_CONVERSION = YES;
				CLANG_WARN_NON_LITERAL_NULL_CONVERSION = YES;
				CLANG_WARN_OBJC_IMPLICIT_RETAIN_SELF = YES;
				CLANG_WARN_OBJC_LITERAL_CONVERSION = YES;
				CLANG_WARN_OBJC_ROOT_CLASS = YES_ERROR;
				CLANG_WARN_QUOTED_INCLUDE_IN_FRAMEWORK_HEADER = YES;
				CLANG_WARN_RANGE_LOOP_ANALYSIS = YES;
				CLANG_WARN_STRICT_PROTOTYPES = YES;
				CLANG_WARN_SUSPICIOUS_MOVE = YES;
				CLANG_WARN_UNGUARDED_AVAILABILITY = YES_AGGRESSIVE;
				CLANG_WARN_UNREACHABLE_CODE = YES;
				CLANG_WARN__DUPLICATE_METHOD_MATCH = YES;
				COPY_PHASE_STRIP = NO;
				CURRENT_PROJECT_VERSION = 1;
				DEBUG_INFORMATION_FORMAT = dwarf;
				ENABLE_STRICT_OBJC_MSGSEND = YES;
				ENABLE_TESTABILITY = YES;
				GCC_C_LANGUAGE_STANDARD = gnu11;
				GCC_DYNAMIC_NO_PIC = NO;
				GCC_NO_COMMON_BLOCKS = YES;
				GCC_OPTIMIZATION_LEVEL = 0;
				GCC_PREPROCESSOR_DEFINITIONS = (
					"DEBUG=1",
					"$(inherited)",
				);
				GCC_WARN_64_TO_32_BIT_CONVERSION = YES;
				GCC_WARN_ABOUT_RETURN_TYPE = YES_ERROR;
				GCC_WARN_UNDECLARED_SELECTOR = YES;
				GCC_WARN_UNINITIALIZED_AUTOS = YES_AGGRESSIVE;
				GCC_WARN_UNUSED_FUNCTION = YES;
				GCC_WARN_UNUSED_VARIABLE = YES;
				IPHONEOS_DEPLOYMENT_TARGET = 11.0;
				MTL_ENABLE_DEBUG_INFO = INCLUDE_SOURCE;
				MTL_FAST_MATH = YES;
				ONLY_ACTIVE_ARCH = YES;
				SDKROOT = iphoneos;
				SWIFT_ACTIVE_COMPILATION_CONDITIONS = DEBUG;
				SWIFT_OPTIMIZATION_LEVEL = "-Onone";
				VERSIONING_SYSTEM = "apple-generic";
				VERSION_INFO_PREFIX = "";
			};
			name = Debug;
		};
		86260ED725CDC1DE009F3CB1 /* Release */ = {
			isa = XCBuildConfiguration;
			buildSettings = {
				ALWAYS_SEARCH_USER_PATHS = NO;
				CLANG_ANALYZER_NONNULL = YES;
				CLANG_ANALYZER_NUMBER_OBJECT_CONVERSION = YES_AGGRESSIVE;
				CLANG_CXX_LANGUAGE_STANDARD = "gnu++14";
				CLANG_CXX_LIBRARY = "libc++";
				CLANG_ENABLE_MODULES = YES;
				CLANG_ENABLE_OBJC_ARC = YES;
				CLANG_ENABLE_OBJC_WEAK = YES;
				CLANG_WARN_BLOCK_CAPTURE_AUTORELEASING = YES;
				CLANG_WARN_BOOL_CONVERSION = YES;
				CLANG_WARN_COMMA = YES;
				CLANG_WARN_CONSTANT_CONVERSION = YES;
				CLANG_WARN_DEPRECATED_OBJC_IMPLEMENTATIONS = YES;
				CLANG_WARN_DIRECT_OBJC_ISA_USAGE = YES_ERROR;
				CLANG_WARN_DOCUMENTATION_COMMENTS = YES;
				CLANG_WARN_EMPTY_BODY = YES;
				CLANG_WARN_ENUM_CONVERSION = YES;
				CLANG_WARN_INFINITE_RECURSION = YES;
				CLANG_WARN_INT_CONVERSION = YES;
				CLANG_WARN_NON_LITERAL_NULL_CONVERSION = YES;
				CLANG_WARN_OBJC_IMPLICIT_RETAIN_SELF = YES;
				CLANG_WARN_OBJC_LITERAL_CONVERSION = YES;
				CLANG_WARN_OBJC_ROOT_CLASS = YES_ERROR;
				CLANG_WARN_QUOTED_INCLUDE_IN_FRAMEWORK_HEADER = YES;
				CLANG_WARN_RANGE_LOOP_ANALYSIS = YES;
				CLANG_WARN_STRICT_PROTOTYPES = YES;
				CLANG_WARN_SUSPICIOUS_MOVE = YES;
				CLANG_WARN_UNGUARDED_AVAILABILITY = YES_AGGRESSIVE;
				CLANG_WARN_UNREACHABLE_CODE = YES;
				CLANG_WARN__DUPLICATE_METHOD_MATCH = YES;
				COPY_PHASE_STRIP = NO;
				CURRENT_PROJECT_VERSION = 1;
				DEBUG_INFORMATION_FORMAT = "dwarf-with-dsym";
				ENABLE_NS_ASSERTIONS = NO;
				ENABLE_STRICT_OBJC_MSGSEND = YES;
				GCC_C_LANGUAGE_STANDARD = gnu11;
				GCC_NO_COMMON_BLOCKS = YES;
				GCC_WARN_64_TO_32_BIT_CONVERSION = YES;
				GCC_WARN_ABOUT_RETURN_TYPE = YES_ERROR;
				GCC_WARN_UNDECLARED_SELECTOR = YES;
				GCC_WARN_UNINITIALIZED_AUTOS = YES_AGGRESSIVE;
				GCC_WARN_UNUSED_FUNCTION = YES;
				GCC_WARN_UNUSED_VARIABLE = YES;
				IPHONEOS_DEPLOYMENT_TARGET = 11.0;
				MTL_ENABLE_DEBUG_INFO = NO;
				MTL_FAST_MATH = YES;
				SDKROOT = iphoneos;
				SWIFT_COMPILATION_MODE = wholemodule;
				SWIFT_OPTIMIZATION_LEVEL = "-O";
				VALIDATE_PRODUCT = YES;
				VERSIONING_SYSTEM = "apple-generic";
				VERSION_INFO_PREFIX = "";
			};
			name = Release;
		};
		86260ED925CDC1DE009F3CB1 /* Debug */ = {
			isa = XCBuildConfiguration;
			buildSettings = {
				CLANG_ENABLE_MODULES = YES;
				CODE_SIGN_STYLE = Automatic;
				DEFINES_MODULE = YES;
				DYLIB_COMPATIBILITY_VERSION = 1;
				DYLIB_CURRENT_VERSION = 1;
				DYLIB_INSTALL_NAME_BASE = "@rpath";
				GCC_TREAT_WARNINGS_AS_ERRORS = YES;
				INFOPLIST_FILE = SplunkRum/Info.plist;
				INSTALL_PATH = "$(LOCAL_LIBRARY_DIR)/Frameworks";
				LD_RUNPATH_SEARCH_PATHS = (
					"$(inherited)",
					"@executable_path/Frameworks",
					"@loader_path/Frameworks",
				);
				MARKETING_VERSION = 0.1.1;
				PRODUCT_BUNDLE_IDENTIFIER = com.splunk.opentelemetry.SplunkRum;
				PRODUCT_NAME = "$(TARGET_NAME:c99extidentifier)";
				SKIP_INSTALL = YES;
				SUPPORTS_MACCATALYST = YES;
				SWIFT_OPTIMIZATION_LEVEL = "-Onone";
				SWIFT_TREAT_WARNINGS_AS_ERRORS = YES;
				SWIFT_VERSION = 5.0;
				TARGETED_DEVICE_FAMILY = "1,2";
			};
			name = Debug;
		};
		86260EDA25CDC1DE009F3CB1 /* Release */ = {
			isa = XCBuildConfiguration;
			buildSettings = {
				CLANG_ENABLE_MODULES = YES;
				CODE_SIGN_STYLE = Automatic;
				DEFINES_MODULE = YES;
				DYLIB_COMPATIBILITY_VERSION = 1;
				DYLIB_CURRENT_VERSION = 1;
				DYLIB_INSTALL_NAME_BASE = "@rpath";
				GCC_TREAT_WARNINGS_AS_ERRORS = YES;
				INFOPLIST_FILE = SplunkRum/Info.plist;
				INSTALL_PATH = "$(LOCAL_LIBRARY_DIR)/Frameworks";
				LD_RUNPATH_SEARCH_PATHS = (
					"$(inherited)",
					"@executable_path/Frameworks",
					"@loader_path/Frameworks",
				);
				MARKETING_VERSION = 0.1.1;
				PRODUCT_BUNDLE_IDENTIFIER = com.splunk.opentelemetry.SplunkRum;
				PRODUCT_NAME = "$(TARGET_NAME:c99extidentifier)";
				SKIP_INSTALL = YES;
				SUPPORTS_MACCATALYST = YES;
				SWIFT_TREAT_WARNINGS_AS_ERRORS = YES;
				SWIFT_VERSION = 5.0;
				TARGETED_DEVICE_FAMILY = "1,2";
			};
			name = Release;
		};
		86260EDC25CDC1DE009F3CB1 /* Debug */ = {
			isa = XCBuildConfiguration;
			buildSettings = {
				ALWAYS_EMBED_SWIFT_STANDARD_LIBRARIES = YES;
				CLANG_ENABLE_MODULES = YES;
				"CODE_SIGN_IDENTITY[sdk=macosx*]" = "-";
				CODE_SIGN_STYLE = Automatic;
				INFOPLIST_FILE = SplunkRumTests/Info.plist;
				LD_RUNPATH_SEARCH_PATHS = (
					"$(inherited)",
					"@executable_path/Frameworks",
					"@loader_path/Frameworks",
				);
				MACOSX_DEPLOYMENT_TARGET = 10.15;
				PRODUCT_BUNDLE_IDENTIFIER = com.splunk.opentelemetry.SplunkRumTests;
				PRODUCT_NAME = "$(TARGET_NAME)";
				SWIFT_OPTIMIZATION_LEVEL = "-Onone";
				SWIFT_VERSION = 5.0;
				TARGETED_DEVICE_FAMILY = "1,2";
			};
			name = Debug;
		};
		86260EDD25CDC1DE009F3CB1 /* Release */ = {
			isa = XCBuildConfiguration;
			buildSettings = {
				ALWAYS_EMBED_SWIFT_STANDARD_LIBRARIES = YES;
				CLANG_ENABLE_MODULES = YES;
				"CODE_SIGN_IDENTITY[sdk=macosx*]" = "-";
				CODE_SIGN_STYLE = Automatic;
				INFOPLIST_FILE = SplunkRumTests/Info.plist;
				LD_RUNPATH_SEARCH_PATHS = (
					"$(inherited)",
					"@executable_path/Frameworks",
					"@loader_path/Frameworks",
				);
				MACOSX_DEPLOYMENT_TARGET = 10.15;
				PRODUCT_BUNDLE_IDENTIFIER = com.splunk.opentelemetry.SplunkRumTests;
				PRODUCT_NAME = "$(TARGET_NAME)";
				SWIFT_VERSION = 5.0;
				TARGETED_DEVICE_FAMILY = "1,2";
			};
			name = Release;
		};
		E2AFD9F828473F7A000F53BF /* Debug */ = {
			isa = XCBuildConfiguration;
			buildSettings = {
				CLANG_CXX_LANGUAGE_STANDARD = "gnu++17";
				"CODE_SIGN_IDENTITY[sdk=macosx*]" = "-";
				CODE_SIGN_STYLE = Automatic;
				CURRENT_PROJECT_VERSION = 1;
				GENERATE_INFOPLIST_FILE = YES;
				IPHONEOS_DEPLOYMENT_TARGET = 11.0;
				MACOSX_DEPLOYMENT_TARGET = 10.15;
				MARKETING_VERSION = 1.0;
				PRODUCT_BUNDLE_IDENTIFIER = com.splunk.opentelemetry.SplunkRumDiskExportTests;
				PRODUCT_NAME = "$(TARGET_NAME)";
				SWIFT_EMIT_LOC_STRINGS = NO;
				SWIFT_VERSION = 5.0;
				TARGETED_DEVICE_FAMILY = "1,2";
			};
			name = Debug;
		};
		E2AFD9F928473F7A000F53BF /* Release */ = {
			isa = XCBuildConfiguration;
			buildSettings = {
				CLANG_CXX_LANGUAGE_STANDARD = "gnu++17";
				"CODE_SIGN_IDENTITY[sdk=macosx*]" = "-";
				CODE_SIGN_STYLE = Automatic;
				CURRENT_PROJECT_VERSION = 1;
				GENERATE_INFOPLIST_FILE = YES;
				IPHONEOS_DEPLOYMENT_TARGET = 11.0;
				MACOSX_DEPLOYMENT_TARGET = 10.15;
				MARKETING_VERSION = 1.0;
				PRODUCT_BUNDLE_IDENTIFIER = com.splunk.opentelemetry.SplunkRumDiskExportTests;
				PRODUCT_NAME = "$(TARGET_NAME)";
				SWIFT_EMIT_LOC_STRINGS = NO;
				SWIFT_VERSION = 5.0;
				TARGETED_DEVICE_FAMILY = "1,2";
			};
			name = Release;
		};
/* End XCBuildConfiguration section */

/* Begin XCConfigurationList section */
		86260EBE25CDC1DE009F3CB1 /* Build configuration list for PBXProject "SplunkRum" */ = {
			isa = XCConfigurationList;
			buildConfigurations = (
				86260ED625CDC1DE009F3CB1 /* Debug */,
				86260ED725CDC1DE009F3CB1 /* Release */,
			);
			defaultConfigurationIsVisible = 0;
			defaultConfigurationName = Release;
		};
		86260ED825CDC1DE009F3CB1 /* Build configuration list for PBXNativeTarget "SplunkRum" */ = {
			isa = XCConfigurationList;
			buildConfigurations = (
				86260ED925CDC1DE009F3CB1 /* Debug */,
				86260EDA25CDC1DE009F3CB1 /* Release */,
			);
			defaultConfigurationIsVisible = 0;
			defaultConfigurationName = Release;
		};
		86260EDB25CDC1DE009F3CB1 /* Build configuration list for PBXNativeTarget "SplunkRumTests" */ = {
			isa = XCConfigurationList;
			buildConfigurations = (
				86260EDC25CDC1DE009F3CB1 /* Debug */,
				86260EDD25CDC1DE009F3CB1 /* Release */,
			);
			defaultConfigurationIsVisible = 0;
			defaultConfigurationName = Release;
		};
		E2AFD9F728473F7A000F53BF /* Build configuration list for PBXNativeTarget "SplunkRumDiskExportTests" */ = {
			isa = XCConfigurationList;
			buildConfigurations = (
				E2AFD9F828473F7A000F53BF /* Debug */,
				E2AFD9F928473F7A000F53BF /* Release */,
			);
			defaultConfigurationIsVisible = 0;
			defaultConfigurationName = Release;
		};
/* End XCConfigurationList section */

/* Begin XCRemoteSwiftPackageReference section */
		8610004426178DB9008B972A /* XCRemoteSwiftPackageReference "DeviceKit" */ = {
			isa = XCRemoteSwiftPackageReference;
			repositoryURL = "https://github.com/devicekit/DeviceKit";
			requirement = {
				kind = exactVersion;
				version = 4.4.0;
			};
		};
		86260EE425CDC27F009F3CB1 /* XCRemoteSwiftPackageReference "opentelemetry-swift" */ = {
			isa = XCRemoteSwiftPackageReference;
			repositoryURL = "https://github.com/open-telemetry/opentelemetry-swift";
			requirement = {
				kind = upToNextMajorVersion;
				minimumVersion = 1.1.4;
			};
		};
		865A5CA425DC34D8003A1E5A /* XCRemoteSwiftPackageReference "swifter" */ = {
			isa = XCRemoteSwiftPackageReference;
			repositoryURL = "https://github.com/httpswift/swifter.git";
			requirement = {
				kind = exactVersion;
				version = 1.5.0;
			};
		};
/* End XCRemoteSwiftPackageReference section */

/* Begin XCSwiftPackageProductDependency section */
		8610004526178DB9008B972A /* DeviceKit */ = {
			isa = XCSwiftPackageProductDependency;
			package = 8610004426178DB9008B972A /* XCRemoteSwiftPackageReference "DeviceKit" */;
			productName = DeviceKit;
		};
		865A5CA525DC34D8003A1E5A /* Swifter */ = {
			isa = XCSwiftPackageProductDependency;
			package = 865A5CA425DC34D8003A1E5A /* XCRemoteSwiftPackageReference "swifter" */;
			productName = Swifter;
		};
		869E0B85273AC46B00EBDA52 /* OpenTelemetryApi */ = {
			isa = XCSwiftPackageProductDependency;
			package = 86260EE425CDC27F009F3CB1 /* XCRemoteSwiftPackageReference "opentelemetry-swift" */;
			productName = OpenTelemetryApi;
		};
		869E0B87273AC47700EBDA52 /* OpenTelemetrySdk */ = {
			isa = XCSwiftPackageProductDependency;
			package = 86260EE425CDC27F009F3CB1 /* XCRemoteSwiftPackageReference "opentelemetry-swift" */;
			productName = OpenTelemetrySdk;
		};
		869E0B89273AC48000EBDA52 /* StdoutExporter */ = {
			isa = XCSwiftPackageProductDependency;
			package = 86260EE425CDC27F009F3CB1 /* XCRemoteSwiftPackageReference "opentelemetry-swift" */;
			productName = StdoutExporter;
		};
		869E0B8B273AC48B00EBDA52 /* ZipkinExporter */ = {
			isa = XCSwiftPackageProductDependency;
			package = 86260EE425CDC27F009F3CB1 /* XCRemoteSwiftPackageReference "opentelemetry-swift" */;
			productName = ZipkinExporter;
		};
		E2AFD9FE2847A397000F53BF /* Swifter */ = {
			isa = XCSwiftPackageProductDependency;
			package = 865A5CA425DC34D8003A1E5A /* XCRemoteSwiftPackageReference "swifter" */;
			productName = Swifter;
		};
/* End XCSwiftPackageProductDependency section */
	};
	rootObject = 86260EBB25CDC1DE009F3CB1 /* Project object */;
}
