// !$*UTF8*$!
{
	archiveVersion = 1;
	classes = {
	};
	objectVersion = 52;
	objects = {

/* Begin PBXBuildFile section */
		864567FB26EFDE9F0059CF04 /* AppDelegate.swift in Sources */ = {isa = PBXBuildFile; fileRef = 864567FA26EFDE9F0059CF04 /* AppDelegate.swift */; };
		864567FD26EFDE9F0059CF04 /* SceneDelegate.swift in Sources */ = {isa = PBXBuildFile; fileRef = 864567FC26EFDE9F0059CF04 /* SceneDelegate.swift */; };
		864567FF26EFDE9F0059CF04 /* ViewController.swift in Sources */ = {isa = PBXBuildFile; fileRef = 864567FE26EFDE9F0059CF04 /* ViewController.swift */; };
		8645680226EFDE9F0059CF04 /* Main.storyboard in Resources */ = {isa = PBXBuildFile; fileRef = 8645680026EFDE9F0059CF04 /* Main.storyboard */; };
		8645680426EFDE9F0059CF04 /* Assets.xcassets in Resources */ = {isa = PBXBuildFile; fileRef = 8645680326EFDE9F0059CF04 /* Assets.xcassets */; };
		8645680726EFDE9F0059CF04 /* LaunchScreen.storyboard in Resources */ = {isa = PBXBuildFile; fileRef = 8645680526EFDE9F0059CF04 /* LaunchScreen.storyboard */; };
		8645681D26EFDEA00059CF04 /* SmokeTestUITests.swift in Sources */ = {isa = PBXBuildFile; fileRef = 8645681C26EFDEA00059CF04 /* SmokeTestUITests.swift */; };
		8645682F26EFDEB50059CF04 /* SplunkRum.framework in Frameworks */ = {isa = PBXBuildFile; fileRef = 8645682E26EFDEB50059CF04 /* SplunkRum.framework */; };
		8645683026EFDEB50059CF04 /* SplunkRum.framework in Embed Frameworks */ = {isa = PBXBuildFile; fileRef = 8645682E26EFDEB50059CF04 /* SplunkRum.framework */; settings = {ATTRIBUTES = (CodeSignOnCopy, RemoveHeadersOnCopy, ); }; };
		8645683426EFDED60059CF04 /* Swifter in Frameworks */ = {isa = PBXBuildFile; productRef = 8645683326EFDED60059CF04 /* Swifter */; };
/* End PBXBuildFile section */

/* Begin PBXContainerItemProxy section */
		8645681926EFDEA00059CF04 /* PBXContainerItemProxy */ = {
			isa = PBXContainerItemProxy;
			containerPortal = 864567EF26EFDE9F0059CF04 /* Project object */;
			proxyType = 1;
			remoteGlobalIDString = 864567F626EFDE9F0059CF04;
			remoteInfo = SmokeTest;
		};
/* End PBXContainerItemProxy section */

/* Begin PBXCopyFilesBuildPhase section */
		8645683126EFDEB50059CF04 /* Embed Frameworks */ = {
			isa = PBXCopyFilesBuildPhase;
			buildActionMask = 2147483647;
			dstPath = "";
			dstSubfolderSpec = 10;
			files = (
				8645683026EFDEB50059CF04 /* SplunkRum.framework in Embed Frameworks */,
			);
			name = "Embed Frameworks";
			runOnlyForDeploymentPostprocessing = 0;
		};
/* End PBXCopyFilesBuildPhase section */

/* Begin PBXFileReference section */
		864567F726EFDE9F0059CF04 /* SmokeTest.app */ = {isa = PBXFileReference; explicitFileType = wrapper.application; includeInIndex = 0; path = SmokeTest.app; sourceTree = BUILT_PRODUCTS_DIR; };
		864567FA26EFDE9F0059CF04 /* AppDelegate.swift */ = {isa = PBXFileReference; lastKnownFileType = sourcecode.swift; path = AppDelegate.swift; sourceTree = "<group>"; };
		864567FC26EFDE9F0059CF04 /* SceneDelegate.swift */ = {isa = PBXFileReference; lastKnownFileType = sourcecode.swift; path = SceneDelegate.swift; sourceTree = "<group>"; };
		864567FE26EFDE9F0059CF04 /* ViewController.swift */ = {isa = PBXFileReference; lastKnownFileType = sourcecode.swift; path = ViewController.swift; sourceTree = "<group>"; };
		8645680126EFDE9F0059CF04 /* Base */ = {isa = PBXFileReference; lastKnownFileType = file.storyboard; name = Base; path = Base.lproj/Main.storyboard; sourceTree = "<group>"; };
		8645680326EFDE9F0059CF04 /* Assets.xcassets */ = {isa = PBXFileReference; lastKnownFileType = folder.assetcatalog; path = Assets.xcassets; sourceTree = "<group>"; };
		8645680626EFDE9F0059CF04 /* Base */ = {isa = PBXFileReference; lastKnownFileType = file.storyboard; name = Base; path = Base.lproj/LaunchScreen.storyboard; sourceTree = "<group>"; };
		8645680826EFDE9F0059CF04 /* Info.plist */ = {isa = PBXFileReference; lastKnownFileType = text.plist.xml; path = Info.plist; sourceTree = "<group>"; };
		8645681826EFDEA00059CF04 /* SmokeTestUITests.xctest */ = {isa = PBXFileReference; explicitFileType = wrapper.cfbundle; includeInIndex = 0; path = SmokeTestUITests.xctest; sourceTree = BUILT_PRODUCTS_DIR; };
		8645681C26EFDEA00059CF04 /* SmokeTestUITests.swift */ = {isa = PBXFileReference; lastKnownFileType = sourcecode.swift; path = SmokeTestUITests.swift; sourceTree = "<group>"; };
		8645681E26EFDEA00059CF04 /* Info.plist */ = {isa = PBXFileReference; lastKnownFileType = text.plist.xml; path = Info.plist; sourceTree = "<group>"; };
		8645682E26EFDEB50059CF04 /* SplunkRum.framework */ = {isa = PBXFileReference; explicitFileType = wrapper.framework; path = SplunkRum.framework; sourceTree = BUILT_PRODUCTS_DIR; };
/* End PBXFileReference section */

/* Begin PBXFrameworksBuildPhase section */
		864567F426EFDE9F0059CF04 /* Frameworks */ = {
			isa = PBXFrameworksBuildPhase;
			buildActionMask = 2147483647;
			files = (
				8645682F26EFDEB50059CF04 /* SplunkRum.framework in Frameworks */,
			);
			runOnlyForDeploymentPostprocessing = 0;
		};
		8645681526EFDEA00059CF04 /* Frameworks */ = {
			isa = PBXFrameworksBuildPhase;
			buildActionMask = 2147483647;
			files = (
				8645683426EFDED60059CF04 /* Swifter in Frameworks */,
			);
			runOnlyForDeploymentPostprocessing = 0;
		};
/* End PBXFrameworksBuildPhase section */

/* Begin PBXGroup section */
		864567EE26EFDE9F0059CF04 = {
			isa = PBXGroup;
			children = (
				864567F926EFDE9F0059CF04 /* SmokeTest */,
				8645681B26EFDEA00059CF04 /* SmokeTestUITests */,
				864567F826EFDE9F0059CF04 /* Products */,
				8645682D26EFDEB50059CF04 /* Frameworks */,
			);
			sourceTree = "<group>";
		};
		864567F826EFDE9F0059CF04 /* Products */ = {
			isa = PBXGroup;
			children = (
				864567F726EFDE9F0059CF04 /* SmokeTest.app */,
				8645681826EFDEA00059CF04 /* SmokeTestUITests.xctest */,
			);
			name = Products;
			sourceTree = "<group>";
		};
		864567F926EFDE9F0059CF04 /* SmokeTest */ = {
			isa = PBXGroup;
			children = (
				864567FA26EFDE9F0059CF04 /* AppDelegate.swift */,
				864567FC26EFDE9F0059CF04 /* SceneDelegate.swift */,
				864567FE26EFDE9F0059CF04 /* ViewController.swift */,
				8645680026EFDE9F0059CF04 /* Main.storyboard */,
				8645680326EFDE9F0059CF04 /* Assets.xcassets */,
				8645680526EFDE9F0059CF04 /* LaunchScreen.storyboard */,
				8645680826EFDE9F0059CF04 /* Info.plist */,
			);
			path = SmokeTest;
			sourceTree = "<group>";
		};
		8645681B26EFDEA00059CF04 /* SmokeTestUITests */ = {
			isa = PBXGroup;
			children = (
				8645681C26EFDEA00059CF04 /* SmokeTestUITests.swift */,
				8645681E26EFDEA00059CF04 /* Info.plist */,
			);
			path = SmokeTestUITests;
			sourceTree = "<group>";
		};
		8645682D26EFDEB50059CF04 /* Frameworks */ = {
			isa = PBXGroup;
			children = (
				8645682E26EFDEB50059CF04 /* SplunkRum.framework */,
			);
			name = Frameworks;
			sourceTree = "<group>";
		};
/* End PBXGroup section */

/* Begin PBXNativeTarget section */
		864567F626EFDE9F0059CF04 /* SmokeTest */ = {
			isa = PBXNativeTarget;
			buildConfigurationList = 8645682126EFDEA00059CF04 /* Build configuration list for PBXNativeTarget "SmokeTest" */;
			buildPhases = (
				864567F326EFDE9F0059CF04 /* Sources */,
				864567F426EFDE9F0059CF04 /* Frameworks */,
				864567F526EFDE9F0059CF04 /* Resources */,
				8645683126EFDEB50059CF04 /* Embed Frameworks */,
			);
			buildRules = (
			);
			dependencies = (
			);
			name = SmokeTest;
			productName = SmokeTest;
			productReference = 864567F726EFDE9F0059CF04 /* SmokeTest.app */;
			productType = "com.apple.product-type.application";
		};
		8645681726EFDEA00059CF04 /* SmokeTestUITests */ = {
			isa = PBXNativeTarget;
			buildConfigurationList = 8645682726EFDEA00059CF04 /* Build configuration list for PBXNativeTarget "SmokeTestUITests" */;
			buildPhases = (
				8645681426EFDEA00059CF04 /* Sources */,
				8645681526EFDEA00059CF04 /* Frameworks */,
				8645681626EFDEA00059CF04 /* Resources */,
			);
			buildRules = (
			);
			dependencies = (
				8645681A26EFDEA00059CF04 /* PBXTargetDependency */,
			);
			name = SmokeTestUITests;
			packageProductDependencies = (
				8645683326EFDED60059CF04 /* Swifter */,
			);
			productName = SmokeTestUITests;
			productReference = 8645681826EFDEA00059CF04 /* SmokeTestUITests.xctest */;
			productType = "com.apple.product-type.bundle.ui-testing";
		};
/* End PBXNativeTarget section */

/* Begin PBXProject section */
		864567EF26EFDE9F0059CF04 /* Project object */ = {
			isa = PBXProject;
			attributes = {
				LastSwiftUpdateCheck = 1240;
				LastUpgradeCheck = 1240;
				TargetAttributes = {
					864567F626EFDE9F0059CF04 = {
						CreatedOnToolsVersion = 12.4;
					};
					8645681726EFDEA00059CF04 = {
						CreatedOnToolsVersion = 12.4;
						TestTargetID = 864567F626EFDE9F0059CF04;
					};
				};
			};
			buildConfigurationList = 864567F226EFDE9F0059CF04 /* Build configuration list for PBXProject "SmokeTest" */;
			compatibilityVersion = "Xcode 9.3";
			developmentRegion = en;
			hasScannedForEncodings = 0;
			knownRegions = (
				en,
				Base,
			);
			mainGroup = 864567EE26EFDE9F0059CF04;
			packageReferences = (
				8645683226EFDED60059CF04 /* XCRemoteSwiftPackageReference "swifter" */,
			);
			productRefGroup = 864567F826EFDE9F0059CF04 /* Products */;
			projectDirPath = "";
			projectRoot = "";
			targets = (
				864567F626EFDE9F0059CF04 /* SmokeTest */,
				8645681726EFDEA00059CF04 /* SmokeTestUITests */,
			);
		};
/* End PBXProject section */

/* Begin PBXResourcesBuildPhase section */
		864567F526EFDE9F0059CF04 /* Resources */ = {
			isa = PBXResourcesBuildPhase;
			buildActionMask = 2147483647;
			files = (
				8645680726EFDE9F0059CF04 /* LaunchScreen.storyboard in Resources */,
				8645680426EFDE9F0059CF04 /* Assets.xcassets in Resources */,
				8645680226EFDE9F0059CF04 /* Main.storyboard in Resources */,
			);
			runOnlyForDeploymentPostprocessing = 0;
		};
		8645681626EFDEA00059CF04 /* Resources */ = {
			isa = PBXResourcesBuildPhase;
			buildActionMask = 2147483647;
			files = (
			);
			runOnlyForDeploymentPostprocessing = 0;
		};
/* End PBXResourcesBuildPhase section */

/* Begin PBXSourcesBuildPhase section */
		864567F326EFDE9F0059CF04 /* Sources */ = {
			isa = PBXSourcesBuildPhase;
			buildActionMask = 2147483647;
			files = (
				864567FF26EFDE9F0059CF04 /* ViewController.swift in Sources */,
				864567FB26EFDE9F0059CF04 /* AppDelegate.swift in Sources */,
				864567FD26EFDE9F0059CF04 /* SceneDelegate.swift in Sources */,
			);
			runOnlyForDeploymentPostprocessing = 0;
		};
		8645681426EFDEA00059CF04 /* Sources */ = {
			isa = PBXSourcesBuildPhase;
			buildActionMask = 2147483647;
			files = (
				8645681D26EFDEA00059CF04 /* SmokeTestUITests.swift in Sources */,
			);
			runOnlyForDeploymentPostprocessing = 0;
		};
/* End PBXSourcesBuildPhase section */

/* Begin PBXTargetDependency section */
		8645681A26EFDEA00059CF04 /* PBXTargetDependency */ = {
			isa = PBXTargetDependency;
			target = 864567F626EFDE9F0059CF04 /* SmokeTest */;
			targetProxy = 8645681926EFDEA00059CF04 /* PBXContainerItemProxy */;
		};
/* End PBXTargetDependency section */

/* Begin PBXVariantGroup section */
		8645680026EFDE9F0059CF04 /* Main.storyboard */ = {
			isa = PBXVariantGroup;
			children = (
				8645680126EFDE9F0059CF04 /* Base */,
			);
			name = Main.storyboard;
			sourceTree = "<group>";
		};
		8645680526EFDE9F0059CF04 /* LaunchScreen.storyboard */ = {
			isa = PBXVariantGroup;
			children = (
				8645680626EFDE9F0059CF04 /* Base */,
			);
			name = LaunchScreen.storyboard;
			sourceTree = "<group>";
		};
/* End PBXVariantGroup section */

/* Begin XCBuildConfiguration section */
		8645681F26EFDEA00059CF04 /* Debug */ = {
			isa = XCBuildConfiguration;
			buildSettings = {
				ALWAYS_SEARCH_USER_PATHS = NO;
				CLANG_ANALYZER_NONNULL = YES;
				CLANG_ANALYZER_NUMBER_OBJECT_CONVERSION = YES_AGGRESSIVE;
				CLANG_CXX_LANGUAGE_STANDARD = "gnu++14";
				CLANG_CXX_LIBRARY = "libc++";
				CLANG_ENABLE_MODULES = YES;
				CLANG_ENABLE_OBJC_ARC = YES;
				CLANG_ENABLE_OBJC_WEAK = YES;
				CLANG_WARN_BLOCK_CAPTURE_AUTORELEASING = YES;
				CLANG_WARN_BOOL_CONVERSION = YES;
				CLANG_WARN_COMMA = YES;
				CLANG_WARN_CONSTANT_CONVERSION = YES;
				CLANG_WARN_DEPRECATED_OBJC_IMPLEMENTATIONS = YES;
				CLANG_WARN_DIRECT_OBJC_ISA_USAGE = YES_ERROR;
				CLANG_WARN_DOCUMENTATION_COMMENTS = YES;
				CLANG_WARN_EMPTY_BODY = YES;
				CLANG_WARN_ENUM_CONVERSION = YES;
				CLANG_WARN_INFINITE_RECURSION = YES;
				CLANG_WARN_INT_CONVERSION = YES;
				CLANG_WARN_NON_LITERAL_NULL_CONVERSION = YES;
				CLANG_WARN_OBJC_IMPLICIT_RETAIN_SELF = YES;
				CLANG_WARN_OBJC_LITERAL_CONVERSION = YES;
				CLANG_WARN_OBJC_ROOT_CLASS = YES_ERROR;
				CLANG_WARN_QUOTED_INCLUDE_IN_FRAMEWORK_HEADER = YES;
				CLANG_WARN_RANGE_LOOP_ANALYSIS = YES;
				CLANG_WARN_STRICT_PROTOTYPES = YES;
				CLANG_WARN_SUSPICIOUS_MOVE = YES;
				CLANG_WARN_UNGUARDED_AVAILABILITY = YES_AGGRESSIVE;
				CLANG_WARN_UNREACHABLE_CODE = YES;
				CLANG_WARN__DUPLICATE_METHOD_MATCH = YES;
				COPY_PHASE_STRIP = NO;
				DEBUG_INFORMATION_FORMAT = dwarf;
				ENABLE_STRICT_OBJC_MSGSEND = YES;
				ENABLE_TESTABILITY = YES;
				GCC_C_LANGUAGE_STANDARD = gnu11;
				GCC_DYNAMIC_NO_PIC = NO;
				GCC_NO_COMMON_BLOCKS = YES;
				GCC_OPTIMIZATION_LEVEL = 0;
				GCC_PREPROCESSOR_DEFINITIONS = (
					"DEBUG=1",
					"$(inherited)",
				);
				GCC_WARN_64_TO_32_BIT_CONVERSION = YES;
				GCC_WARN_ABOUT_RETURN_TYPE = YES_ERROR;
				GCC_WARN_UNDECLARED_SELECTOR = YES;
				GCC_WARN_UNINITIALIZED_AUTOS = YES_AGGRESSIVE;
				GCC_WARN_UNUSED_FUNCTION = YES;
				GCC_WARN_UNUSED_VARIABLE = YES;
				IPHONEOS_DEPLOYMENT_TARGET = 14.4;
				MTL_ENABLE_DEBUG_INFO = INCLUDE_SOURCE;
				MTL_FAST_MATH = YES;
				ONLY_ACTIVE_ARCH = YES;
				SDKROOT = iphoneos;
				SWIFT_ACTIVE_COMPILATION_CONDITIONS = DEBUG;
				SWIFT_OPTIMIZATION_LEVEL = "-Onone";
			};
			name = Debug;
		};
		8645682026EFDEA00059CF04 /* Release */ = {
			isa = XCBuildConfiguration;
			buildSettings = {
				ALWAYS_SEARCH_USER_PATHS = NO;
				CLANG_ANALYZER_NONNULL = YES;
				CLANG_ANALYZER_NUMBER_OBJECT_CONVERSION = YES_AGGRESSIVE;
				CLANG_CXX_LANGUAGE_STANDARD = "gnu++14";
				CLANG_CXX_LIBRARY = "libc++";
				CLANG_ENABLE_MODULES = YES;
				CLANG_ENABLE_OBJC_ARC = YES;
				CLANG_ENABLE_OBJC_WEAK = YES;
				CLANG_WARN_BLOCK_CAPTURE_AUTORELEASING = YES;
				CLANG_WARN_BOOL_CONVERSION = YES;
				CLANG_WARN_COMMA = YES;
				CLANG_WARN_CONSTANT_CONVERSION = YES;
				CLANG_WARN_DEPRECATED_OBJC_IMPLEMENTATIONS = YES;
				CLANG_WARN_DIRECT_OBJC_ISA_USAGE = YES_ERROR;
				CLANG_WARN_DOCUMENTATION_COMMENTS = YES;
				CLANG_WARN_EMPTY_BODY = YES;
				CLANG_WARN_ENUM_CONVERSION = YES;
				CLANG_WARN_INFINITE_RECURSION = YES;
				CLANG_WARN_INT_CONVERSION = YES;
				CLANG_WARN_NON_LITERAL_NULL_CONVERSION = YES;
				CLANG_WARN_OBJC_IMPLICIT_RETAIN_SELF = YES;
				CLANG_WARN_OBJC_LITERAL_CONVERSION = YES;
				CLANG_WARN_OBJC_ROOT_CLASS = YES_ERROR;
				CLANG_WARN_QUOTED_INCLUDE_IN_FRAMEWORK_HEADER = YES;
				CLANG_WARN_RANGE_LOOP_ANALYSIS = YES;
				CLANG_WARN_STRICT_PROTOTYPES = YES;
				CLANG_WARN_SUSPICIOUS_MOVE = YES;
				CLANG_WARN_UNGUARDED_AVAILABILITY = YES_AGGRESSIVE;
				CLANG_WARN_UNREACHABLE_CODE = YES;
				CLANG_WARN__DUPLICATE_METHOD_MATCH = YES;
				COPY_PHASE_STRIP = NO;
				DEBUG_INFORMATION_FORMAT = "dwarf-with-dsym";
				ENABLE_NS_ASSERTIONS = NO;
				ENABLE_STRICT_OBJC_MSGSEND = YES;
				GCC_C_LANGUAGE_STANDARD = gnu11;
				GCC_NO_COMMON_BLOCKS = YES;
				GCC_WARN_64_TO_32_BIT_CONVERSION = YES;
				GCC_WARN_ABOUT_RETURN_TYPE = YES_ERROR;
				GCC_WARN_UNDECLARED_SELECTOR = YES;
				GCC_WARN_UNINITIALIZED_AUTOS = YES_AGGRESSIVE;
				GCC_WARN_UNUSED_FUNCTION = YES;
				GCC_WARN_UNUSED_VARIABLE = YES;
				IPHONEOS_DEPLOYMENT_TARGET = 14.4;
				MTL_ENABLE_DEBUG_INFO = NO;
				MTL_FAST_MATH = YES;
				SDKROOT = iphoneos;
				SWIFT_COMPILATION_MODE = wholemodule;
				SWIFT_OPTIMIZATION_LEVEL = "-O";
				VALIDATE_PRODUCT = YES;
			};
			name = Release;
		};
		8645682226EFDEA00059CF04 /* Debug */ = {
			isa = XCBuildConfiguration;
			buildSettings = {
				ASSETCATALOG_COMPILER_APPICON_NAME = AppIcon;
				ASSETCATALOG_COMPILER_GLOBAL_ACCENT_COLOR_NAME = AccentColor;
				CODE_SIGN_STYLE = Automatic;
				INFOPLIST_FILE = SmokeTest/Info.plist;
				LD_RUNPATH_SEARCH_PATHS = (
					"$(inherited)",
					"@executable_path/Frameworks",
				);
				PRODUCT_BUNDLE_IDENTIFIER = com.splunk.opentelemetry.SmokeTest;
				PRODUCT_NAME = "$(TARGET_NAME)";
				SWIFT_VERSION = 5.0;
				TARGETED_DEVICE_FAMILY = "1,2";
			};
			name = Debug;
		};
		8645682326EFDEA00059CF04 /* Release */ = {
			isa = XCBuildConfiguration;
			buildSettings = {
				ASSETCATALOG_COMPILER_APPICON_NAME = AppIcon;
				ASSETCATALOG_COMPILER_GLOBAL_ACCENT_COLOR_NAME = AccentColor;
				CODE_SIGN_STYLE = Automatic;
				INFOPLIST_FILE = SmokeTest/Info.plist;
				LD_RUNPATH_SEARCH_PATHS = (
					"$(inherited)",
					"@executable_path/Frameworks",
				);
				PRODUCT_BUNDLE_IDENTIFIER = com.splunk.opentelemetry.SmokeTest;
				PRODUCT_NAME = "$(TARGET_NAME)";
				SWIFT_VERSION = 5.0;
				TARGETED_DEVICE_FAMILY = "1,2";
			};
			name = Release;
		};
		8645682826EFDEA00059CF04 /* Debug */ = {
			isa = XCBuildConfiguration;
			buildSettings = {
				ALWAYS_EMBED_SWIFT_STANDARD_LIBRARIES = YES;
				CODE_SIGN_STYLE = Automatic;
				INFOPLIST_FILE = SmokeTestUITests/Info.plist;
				LD_RUNPATH_SEARCH_PATHS = (
					"$(inherited)",
					"@executable_path/Frameworks",
					"@loader_path/Frameworks",
				);
				PRODUCT_BUNDLE_IDENTIFIER = com.splunk.opentelemetry.SmokeTestUITests;
				PRODUCT_NAME = "$(TARGET_NAME)";
				SWIFT_VERSION = 5.0;
				TARGETED_DEVICE_FAMILY = "1,2";
				TEST_TARGET_NAME = SmokeTest;
			};
			name = Debug;
		};
		8645682926EFDEA00059CF04 /* Release */ = {
			isa = XCBuildConfiguration;
			buildSettings = {
				ALWAYS_EMBED_SWIFT_STANDARD_LIBRARIES = YES;
				CODE_SIGN_STYLE = Automatic;
				INFOPLIST_FILE = SmokeTestUITests/Info.plist;
				LD_RUNPATH_SEARCH_PATHS = (
					"$(inherited)",
					"@executable_path/Frameworks",
					"@loader_path/Frameworks",
				);
				PRODUCT_BUNDLE_IDENTIFIER = com.splunk.opentelemetry.SmokeTestUITests;
				PRODUCT_NAME = "$(TARGET_NAME)";
				SWIFT_VERSION = 5.0;
				TARGETED_DEVICE_FAMILY = "1,2";
				TEST_TARGET_NAME = SmokeTest;
			};
			name = Release;
		};
/* End XCBuildConfiguration section */

/* Begin XCConfigurationList section */
		864567F226EFDE9F0059CF04 /* Build configuration list for PBXProject "SmokeTest" */ = {
			isa = XCConfigurationList;
			buildConfigurations = (
				8645681F26EFDEA00059CF04 /* Debug */,
				8645682026EFDEA00059CF04 /* Release */,
			);
			defaultConfigurationIsVisible = 0;
			defaultConfigurationName = Release;
		};
		8645682126EFDEA00059CF04 /* Build configuration list for PBXNativeTarget "SmokeTest" */ = {
			isa = XCConfigurationList;
			buildConfigurations = (
				8645682226EFDEA00059CF04 /* Debug */,
				8645682326EFDEA00059CF04 /* Release */,
			);
			defaultConfigurationIsVisible = 0;
			defaultConfigurationName = Release;
		};
		8645682726EFDEA00059CF04 /* Build configuration list for PBXNativeTarget "SmokeTestUITests" */ = {
			isa = XCConfigurationList;
			buildConfigurations = (
				8645682826EFDEA00059CF04 /* Debug */,
				8645682926EFDEA00059CF04 /* Release */,
			);
			defaultConfigurationIsVisible = 0;
			defaultConfigurationName = Release;
		};
/* End XCConfigurationList section */

/* Begin XCRemoteSwiftPackageReference section */
		8645683226EFDED60059CF04 /* XCRemoteSwiftPackageReference "swifter" */ = {
			isa = XCRemoteSwiftPackageReference;
			repositoryURL = "https://github.com/httpswift/swifter.git";
			requirement = {
				kind = upToNextMajorVersion;
				minimumVersion = 1.5.0;
			};
		};
/* End XCRemoteSwiftPackageReference section */

/* Begin XCSwiftPackageProductDependency section */
		8645683326EFDED60059CF04 /* Swifter */ = {
			isa = XCSwiftPackageProductDependency;
			package = 8645683226EFDED60059CF04 /* XCRemoteSwiftPackageReference "swifter" */;
			productName = Swifter;
		};
/* End XCSwiftPackageProductDependency section */
	};
	rootObject = 864567EF26EFDE9F0059CF04 /* Project object */;
}
