// !$*UTF8*$!
{
	archiveVersion = 1;
	classes = {
	};
	objectVersion = 77;
	objects = {

/* Begin PBXBuildFile section */
		3384F28A2AC8795800512D79 /* DevelAppApp.swift in Sources */ = {isa = PBXBuildFile; fileRef = 3384F2892AC8795800512D79 /* DevelAppApp.swift */; };
		3384F28E2AC8795800512D79 /* Assets.xcassets in Resources */ = {isa = PBXBuildFile; fileRef = 3384F28D2AC8795800512D79 /* Assets.xcassets */; };
		3384F2922AC8795800512D79 /* Preview Assets.xcassets in Resources */ = {isa = PBXBuildFile; fileRef = 3384F2912AC8795800512D79 /* Preview Assets.xcassets */; };
		4BD024D32DE79F9000ADB31D /* SplunkAgent in Frameworks */ = {isa = PBXBuildFile; productRef = 4BD024D22DE79F9000ADB31D /* SplunkAgent */; };
		522DB6C82DC134C70047FBCD /* RoutingView.swift in Sources */ = {isa = PBXBuildFile; fileRef = 522DB6C72DC134C70047FBCD /* RoutingView.swift */; };
		522DB6CA2DC135920047FBCD /* SessionReplayDemoView.swift in Sources */ = {isa = PBXBuildFile; fileRef = 522DB6C92DC135920047FBCD /* SessionReplayDemoView.swift */; };
		522DB6CC2DC135BC0047FBCD /* TemplateView.swift in Sources */ = {isa = PBXBuildFile; fileRef = 522DB6CB2DC135BC0047FBCD /* TemplateView.swift */; };
		522DB6CE2DC135E30047FBCD /* WebViewDemoView.swift in Sources */ = {isa = PBXBuildFile; fileRef = 522DB6CD2DC135E30047FBCD /* WebViewDemoView.swift */; };
		527070DC2DC145F900EDD390 /* DemoHeaderView.swift in Sources */ = {isa = PBXBuildFile; fileRef = 527070DB2DC145F900EDD390 /* DemoHeaderView.swift */; };
		527070DE2DC1468100EDD390 /* CrashDemoView.swift in Sources */ = {isa = PBXBuildFile; fileRef = 527070DD2DC1468100EDD390 /* CrashDemoView.swift */; };
		527070E02DC147AB00EDD390 /* AgentDataSource.swift in Sources */ = {isa = PBXBuildFile; fileRef = 527070DF2DC147AB00EDD390 /* AgentDataSource.swift */; };
/* End PBXBuildFile section */

/* Begin PBXFileReference section */
		3384F2862AC8795800512D79 /* DevelApp.app */ = {isa = PBXFileReference; explicitFileType = wrapper.application; includeInIndex = 0; path = DevelApp.app; sourceTree = BUILT_PRODUCTS_DIR; };
		3384F2892AC8795800512D79 /* DevelAppApp.swift */ = {isa = PBXFileReference; lastKnownFileType = sourcecode.swift; path = DevelAppApp.swift; sourceTree = "<group>"; };
		3384F28D2AC8795800512D79 /* Assets.xcassets */ = {isa = PBXFileReference; lastKnownFileType = folder.assetcatalog; path = Assets.xcassets; sourceTree = "<group>"; };
		3384F28F2AC8795800512D79 /* DevelApp.entitlements */ = {isa = PBXFileReference; lastKnownFileType = text.plist.entitlements; path = DevelApp.entitlements; sourceTree = "<group>"; };
		3384F2912AC8795800512D79 /* Preview Assets.xcassets */ = {isa = PBXFileReference; lastKnownFileType = folder.assetcatalog; path = "Preview Assets.xcassets"; sourceTree = "<group>"; };
		3384F2AE2AC87A3B00512D79 /* Info.plist */ = {isa = PBXFileReference; lastKnownFileType = text.plist.xml; path = Info.plist; sourceTree = "<group>"; };
		522DB6C72DC134C70047FBCD /* RoutingView.swift */ = {isa = PBXFileReference; lastKnownFileType = sourcecode.swift; path = RoutingView.swift; sourceTree = "<group>"; };
		522DB6C92DC135920047FBCD /* SessionReplayDemoView.swift */ = {isa = PBXFileReference; lastKnownFileType = sourcecode.swift; path = SessionReplayDemoView.swift; sourceTree = "<group>"; };
		522DB6CB2DC135BC0047FBCD /* TemplateView.swift */ = {isa = PBXFileReference; lastKnownFileType = sourcecode.swift; path = TemplateView.swift; sourceTree = "<group>"; };
		522DB6CD2DC135E30047FBCD /* WebViewDemoView.swift */ = {isa = PBXFileReference; lastKnownFileType = sourcecode.swift; path = WebViewDemoView.swift; sourceTree = "<group>"; };
		527070DB2DC145F900EDD390 /* DemoHeaderView.swift */ = {isa = PBXFileReference; lastKnownFileType = sourcecode.swift; path = DemoHeaderView.swift; sourceTree = "<group>"; };
		527070DD2DC1468100EDD390 /* CrashDemoView.swift */ = {isa = PBXFileReference; lastKnownFileType = sourcecode.swift; path = CrashDemoView.swift; sourceTree = "<group>"; };
		527070DF2DC147AB00EDD390 /* AgentDataSource.swift */ = {isa = PBXFileReference; lastKnownFileType = sourcecode.swift; path = AgentDataSource.swift; sourceTree = "<group>"; };
/* End PBXFileReference section */

/* Begin PBXFrameworksBuildPhase section */
		3384F2832AC8795800512D79 /* Frameworks */ = {
			isa = PBXFrameworksBuildPhase;
			buildActionMask = 2147483647;
			files = (
				4BD024D32DE79F9000ADB31D /* SplunkAgent in Frameworks */,
			);
			runOnlyForDeploymentPostprocessing = 0;
		};
/* End PBXFrameworksBuildPhase section */

/* Begin PBXGroup section */
		3384F27D2AC8795700512D79 = {
			isa = PBXGroup;
			children = (
				3384F2882AC8795800512D79 /* DevelApp */,
				3384F2872AC8795800512D79 /* Products */,
				3384F2AF2AC87A4300512D79 /* Frameworks */,
			);
			sourceTree = "<group>";
		};
		3384F2872AC8795800512D79 /* Products */ = {
			isa = PBXGroup;
			children = (
				3384F2862AC8795800512D79 /* DevelApp.app */,
			);
			name = Products;
			sourceTree = "<group>";
		};
		3384F2882AC8795800512D79 /* DevelApp */ = {
			isa = PBXGroup;
			children = (
				3384F2AE2AC87A3B00512D79 /* Info.plist */,
				527070DF2DC147AB00EDD390 /* AgentDataSource.swift */,
				527070DD2DC1468100EDD390 /* CrashDemoView.swift */,
				527070DB2DC145F900EDD390 /* DemoHeaderView.swift */,
				3384F2892AC8795800512D79 /* DevelAppApp.swift */,
				522DB6C72DC134C70047FBCD /* RoutingView.swift */,
				522DB6C92DC135920047FBCD /* SessionReplayDemoView.swift */,
				522DB6CD2DC135E30047FBCD /* WebViewDemoView.swift */,
				522DB6CB2DC135BC0047FBCD /* TemplateView.swift */,
				3384F28D2AC8795800512D79 /* Assets.xcassets */,
				3384F28F2AC8795800512D79 /* DevelApp.entitlements */,
				3384F2902AC8795800512D79 /* Preview Content */,
			);
			path = DevelApp;
			sourceTree = "<group>";
		};
		3384F2902AC8795800512D79 /* Preview Content */ = {
			isa = PBXGroup;
			children = (
				3384F2912AC8795800512D79 /* Preview Assets.xcassets */,
			);
			path = "Preview Content";
			sourceTree = "<group>";
		};
		3384F2AF2AC87A4300512D79 /* Frameworks */ = {
			isa = PBXGroup;
			children = (
			);
			name = Frameworks;
			sourceTree = "<group>";
		};
/* End PBXGroup section */

/* Begin PBXNativeTarget section */
		3384F2852AC8795800512D79 /* DevelApp */ = {
			isa = PBXNativeTarget;
			buildConfigurationList = 3384F2952AC8795800512D79 /* Build configuration list for PBXNativeTarget "DevelApp" */;
			buildPhases = (
				4BD024D72DE79FDC00ADB31D /* Swift Lint & Swift Format */,
				3384F2822AC8795800512D79 /* Sources */,
				3384F2832AC8795800512D79 /* Frameworks */,
				3384F2842AC8795800512D79 /* Resources */,
			);
			buildRules = (
			);
			dependencies = (
			);
			name = DevelApp;
			productName = DevelApp;
			productReference = 3384F2862AC8795800512D79 /* DevelApp.app */;
			productType = "com.apple.product-type.application";
		};
/* End PBXNativeTarget section */

/* Begin PBXProject section */
		3384F27E2AC8795700512D79 /* Project object */ = {
			isa = PBXProject;
			attributes = {
				BuildIndependentTargetsInParallel = 1;
				LastSwiftUpdateCheck = 1500;
				LastUpgradeCheck = 1620;
				TargetAttributes = {
					3384F2852AC8795800512D79 = {
						CreatedOnToolsVersion = 15.0;
					};
				};
			};
			buildConfigurationList = 3384F2812AC8795700512D79 /* Build configuration list for PBXProject "DevelApp" */;
			developmentRegion = en;
			hasScannedForEncodings = 0;
			knownRegions = (
				en,
				Base,
			);
			mainGroup = 3384F27D2AC8795700512D79;
			packageReferences = (
				4BD024D12DE79F9000ADB31D /* XCLocalSwiftPackageReference "../../../splunk-otel-ios" */,
			);
			preferredProjectObjectVersion = 77;
			productRefGroup = 3384F2872AC8795800512D79 /* Products */;
			projectDirPath = "";
			projectRoot = "";
			targets = (
				3384F2852AC8795800512D79 /* DevelApp */,
			);
		};
/* End PBXProject section */

/* Begin PBXResourcesBuildPhase section */
		3384F2842AC8795800512D79 /* Resources */ = {
			isa = PBXResourcesBuildPhase;
			buildActionMask = 2147483647;
			files = (
				3384F2922AC8795800512D79 /* Preview Assets.xcassets in Resources */,
				3384F28E2AC8795800512D79 /* Assets.xcassets in Resources */,
			);
			runOnlyForDeploymentPostprocessing = 0;
		};
/* End PBXResourcesBuildPhase section */

/* Begin PBXShellScriptBuildPhase section */
		4BD024D72DE79FDC00ADB31D /* Swift Lint & Swift Format */ = {
			isa = PBXShellScriptBuildPhase;
			buildActionMask = 2147483647;
			files = (
			);
			inputFileListPaths = (
			);
			inputPaths = (
			);
			name = "Swift Lint & Swift Format";
			outputFileListPaths = (
			);
			outputPaths = (
			);
			runOnlyForDeploymentPostprocessing = 0;
			shellPath = /bin/sh;
			shellScript = "TOOLS_DIR=\"${PROJECT_DIR}/../../Tools\"\n\n# Check SplunkAgent directory\ncd \"${PROJECT_DIR}\"\ncd ../../SplunkAgent/\necho \"$(pwd)\"\n\"${TOOLS_DIR}/Linting.sh\" --config \"${TOOLS_DIR}/.swiftlint.yml\"\n\n# Check SplunkCommon module\ncd \"${PROJECT_DIR}\"\ncd ../../SplunkCommon/\n\"${TOOLS_DIR}/Linting.sh\" --config \"${TOOLS_DIR}/.swiftlint.yml\"\n\n# Check SplunkSessionReplayProxy module\ncd \"${PROJECT_DIR}\"\ncd ../../SplunkSessionReplayProxy/\n\"${TOOLS_DIR}/Linting.sh\" --config \"${TOOLS_DIR}/.swiftlint.yml\"\n\n# Check SplunkCrashReports module\ncd \"${PROJECT_DIR}\"\ncd ../../SplunkCrashReports/\n\"${TOOLS_DIR}/Linting.sh\" --config \"${TOOLS_DIR}/.swiftlint.yml\"\n\n# Check SplunkAppStart module\ncd \"${PROJECT_DIR}\"\ncd ../../SplunkAppStart/\n\"${TOOLS_DIR}/Linting.sh\" --config \"${TOOLS_DIR}/.swiftlint.yml\"\n\n# Check SplunkCustomData module\ncd \"${PROJECT_DIR}\"\ncd ../../SplunkCustomData/\n\"${TOOLS_DIR}/Linting.sh\" --config \"${TOOLS_DIR}/.swiftlint.yml\"\n\n# Check SplunkErrorReporting module\ncd \"${PROJECT_DIR}\"\ncd ../../SplunkErrorReporting/\n\"${TOOLS_DIR}/Linting.sh\" --config \"${TOOLS_DIR}/.swiftlint.yml\"\n\n# Check SplunkNetwork module\ncd \"${PROJECT_DIR}\"\ncd ../../SplunkNetwork/\n\"${TOOLS_DIR}/Linting.sh\" --config \"${TOOLS_DIR}/.swiftlint.yml\"\n\n# Check SplunkOpenTelemetry module\ncd \"${PROJECT_DIR}\"\ncd ../../SplunkOpenTelemetry/\n\"${TOOLS_DIR}/Linting.sh\" --config \"${TOOLS_DIR}/.swiftlint.yml\"\n\n# Check SplunkOpenTelemetryBackgroundExporter module\ncd \"${PROJECT_DIR}\"\ncd ../../SplunkOpenTelemetryBackgroundExporter/\n\"${TOOLS_DIR}/Linting.sh\" --config \"${TOOLS_DIR}/.swiftlint.yml\"\n\n# Check SplunkSlowFrameDetector module\ncd \"${PROJECT_DIR}\"\ncd ../../SplunkSlowFrameDetector/\n\"${TOOLS_DIR}/Linting.sh\" --config \"${TOOLS_DIR}/.swiftlint.yml\"\n\n# Check SplunkWebView module\ncd \"${PROJECT_DIR}\"\ncd ../../SplunkWebView/\n\"${TOOLS_DIR}/Linting.sh\" --config \"${TOOLS_DIR}/.swiftlint.yml\"\n\n# Check SplunkWebViewProxy module\ncd \"${PROJECT_DIR}\"\ncd ../../SplunkWebViewProxy/\n\"${TOOLS_DIR}/Linting.sh\" --config \"${TOOLS_DIR}/.swiftlint.yml\"\n\n# Check SplunkInteraction module\ncd \"${PROJECT_DIR}\"\ncd ../../SplunkInteractions/\n\"${TOOLS_DIR}/Linting.sh\" --config \"${TOOLS_DIR}/.swiftlint.yml\"\n";
		};
/* End PBXShellScriptBuildPhase section */

/* Begin PBXSourcesBuildPhase section */
		3384F2822AC8795800512D79 /* Sources */ = {
			isa = PBXSourcesBuildPhase;
			buildActionMask = 2147483647;
			files = (
				527070DC2DC145F900EDD390 /* DemoHeaderView.swift in Sources */,
				522DB6C82DC134C70047FBCD /* RoutingView.swift in Sources */,
				527070E02DC147AB00EDD390 /* AgentDataSource.swift in Sources */,
				522DB6CE2DC135E30047FBCD /* WebViewDemoView.swift in Sources */,
				3384F28A2AC8795800512D79 /* DevelAppApp.swift in Sources */,
				522DB6CC2DC135BC0047FBCD /* TemplateView.swift in Sources */,
				527070DE2DC1468100EDD390 /* CrashDemoView.swift in Sources */,
				522DB6CA2DC135920047FBCD /* SessionReplayDemoView.swift in Sources */,
			);
			runOnlyForDeploymentPostprocessing = 0;
		};
/* End PBXSourcesBuildPhase section */

/* Begin XCBuildConfiguration section */
		3384F2932AC8795800512D79 /* Debug */ = {
			isa = XCBuildConfiguration;
			buildSettings = {
				ALWAYS_SEARCH_USER_PATHS = NO;
				ASSETCATALOG_COMPILER_GENERATE_SWIFT_ASSET_SYMBOL_EXTENSIONS = YES;
				CLANG_ANALYZER_NONNULL = YES;
				CLANG_ANALYZER_NUMBER_OBJECT_CONVERSION = YES_AGGRESSIVE;
				CLANG_CXX_LANGUAGE_STANDARD = "gnu++20";
				CLANG_ENABLE_MODULES = YES;
				CLANG_ENABLE_OBJC_ARC = YES;
				CLANG_ENABLE_OBJC_WEAK = YES;
				CLANG_WARN_BLOCK_CAPTURE_AUTORELEASING = YES;
				CLANG_WARN_BOOL_CONVERSION = YES;
				CLANG_WARN_COMMA = YES;
				CLANG_WARN_CONSTANT_CONVERSION = YES;
				CLANG_WARN_DEPRECATED_OBJC_IMPLEMENTATIONS = YES;
				CLANG_WARN_DIRECT_OBJC_ISA_USAGE = YES_ERROR;
				CLANG_WARN_DOCUMENTATION_COMMENTS = YES;
				CLANG_WARN_EMPTY_BODY = YES;
				CLANG_WARN_ENUM_CONVERSION = YES;
				CLANG_WARN_INFINITE_RECURSION = YES;
				CLANG_WARN_INT_CONVERSION = YES;
				CLANG_WARN_NON_LITERAL_NULL_CONVERSION = YES;
				CLANG_WARN_OBJC_IMPLICIT_RETAIN_SELF = YES;
				CLANG_WARN_OBJC_LITERAL_CONVERSION = YES;
				CLANG_WARN_OBJC_ROOT_CLASS = YES_ERROR;
				CLANG_WARN_QUOTED_INCLUDE_IN_FRAMEWORK_HEADER = YES;
				CLANG_WARN_RANGE_LOOP_ANALYSIS = YES;
				CLANG_WARN_STRICT_PROTOTYPES = YES;
				CLANG_WARN_SUSPICIOUS_MOVE = YES;
				CLANG_WARN_UNGUARDED_AVAILABILITY = YES_AGGRESSIVE;
				CLANG_WARN_UNREACHABLE_CODE = YES;
				CLANG_WARN__DUPLICATE_METHOD_MATCH = YES;
				COPY_PHASE_STRIP = NO;
				DEAD_CODE_STRIPPING = YES;
				DEBUG_INFORMATION_FORMAT = dwarf;
				ENABLE_STRICT_OBJC_MSGSEND = YES;
				ENABLE_TESTABILITY = YES;
				ENABLE_USER_SCRIPT_SANDBOXING = YES;
				GCC_C_LANGUAGE_STANDARD = gnu17;
				GCC_DYNAMIC_NO_PIC = NO;
				GCC_NO_COMMON_BLOCKS = YES;
				GCC_OPTIMIZATION_LEVEL = 0;
				GCC_PREPROCESSOR_DEFINITIONS = (
					"DEBUG=1",
					"$(inherited)",
				);
				GCC_WARN_64_TO_32_BIT_CONVERSION = YES;
				GCC_WARN_ABOUT_RETURN_TYPE = YES_ERROR;
				GCC_WARN_UNDECLARED_SELECTOR = YES;
				GCC_WARN_UNINITIALIZED_AUTOS = YES_AGGRESSIVE;
				GCC_WARN_UNUSED_FUNCTION = YES;
				GCC_WARN_UNUSED_VARIABLE = YES;
				LOCALIZATION_PREFERS_STRING_CATALOGS = YES;
				MTL_ENABLE_DEBUG_INFO = INCLUDE_SOURCE;
				MTL_FAST_MATH = YES;
				ONLY_ACTIVE_ARCH = YES;
				SWIFT_ACTIVE_COMPILATION_CONDITIONS = "DEBUG $(inherited)";
				SWIFT_OPTIMIZATION_LEVEL = "-Onone";
			};
			name = Debug;
		};
		3384F2942AC8795800512D79 /* Release */ = {
			isa = XCBuildConfiguration;
			buildSettings = {
				ALWAYS_SEARCH_USER_PATHS = NO;
				ASSETCATALOG_COMPILER_GENERATE_SWIFT_ASSET_SYMBOL_EXTENSIONS = YES;
				CLANG_ANALYZER_NONNULL = YES;
				CLANG_ANALYZER_NUMBER_OBJECT_CONVERSION = YES_AGGRESSIVE;
				CLANG_CXX_LANGUAGE_STANDARD = "gnu++20";
				CLANG_ENABLE_MODULES = YES;
				CLANG_ENABLE_OBJC_ARC = YES;
				CLANG_ENABLE_OBJC_WEAK = YES;
				CLANG_WARN_BLOCK_CAPTURE_AUTORELEASING = YES;
				CLANG_WARN_BOOL_CONVERSION = YES;
				CLANG_WARN_COMMA = YES;
				CLANG_WARN_CONSTANT_CONVERSION = YES;
				CLANG_WARN_DEPRECATED_OBJC_IMPLEMENTATIONS = YES;
				CLANG_WARN_DIRECT_OBJC_ISA_USAGE = YES_ERROR;
				CLANG_WARN_DOCUMENTATION_COMMENTS = YES;
				CLANG_WARN_EMPTY_BODY = YES;
				CLANG_WARN_ENUM_CONVERSION = YES;
				CLANG_WARN_INFINITE_RECURSION = YES;
				CLANG_WARN_INT_CONVERSION = YES;
				CLANG_WARN_NON_LITERAL_NULL_CONVERSION = YES;
				CLANG_WARN_OBJC_IMPLICIT_RETAIN_SELF = YES;
				CLANG_WARN_OBJC_LITERAL_CONVERSION = YES;
				CLANG_WARN_OBJC_ROOT_CLASS = YES_ERROR;
				CLANG_WARN_QUOTED_INCLUDE_IN_FRAMEWORK_HEADER = YES;
				CLANG_WARN_RANGE_LOOP_ANALYSIS = YES;
				CLANG_WARN_STRICT_PROTOTYPES = YES;
				CLANG_WARN_SUSPICIOUS_MOVE = YES;
				CLANG_WARN_UNGUARDED_AVAILABILITY = YES_AGGRESSIVE;
				CLANG_WARN_UNREACHABLE_CODE = YES;
				CLANG_WARN__DUPLICATE_METHOD_MATCH = YES;
				COPY_PHASE_STRIP = NO;
				DEAD_CODE_STRIPPING = YES;
				DEBUG_INFORMATION_FORMAT = "dwarf-with-dsym";
				ENABLE_NS_ASSERTIONS = NO;
				ENABLE_STRICT_OBJC_MSGSEND = YES;
				ENABLE_USER_SCRIPT_SANDBOXING = YES;
				GCC_C_LANGUAGE_STANDARD = gnu17;
				GCC_NO_COMMON_BLOCKS = YES;
				GCC_PREPROCESSOR_DEFINITIONS = "";
				GCC_WARN_64_TO_32_BIT_CONVERSION = YES;
				GCC_WARN_ABOUT_RETURN_TYPE = YES_ERROR;
				GCC_WARN_UNDECLARED_SELECTOR = YES;
				GCC_WARN_UNINITIALIZED_AUTOS = YES_AGGRESSIVE;
				GCC_WARN_UNUSED_FUNCTION = YES;
				GCC_WARN_UNUSED_VARIABLE = YES;
				LOCALIZATION_PREFERS_STRING_CATALOGS = YES;
				MTL_ENABLE_DEBUG_INFO = NO;
				MTL_FAST_MATH = YES;
				SWIFT_COMPILATION_MODE = wholemodule;
			};
			name = Release;
		};
		3384F2962AC8795800512D79 /* Debug */ = {
			isa = XCBuildConfiguration;
			buildSettings = {
				ASSETCATALOG_COMPILER_APPICON_NAME = AppIcon;
				ASSETCATALOG_COMPILER_GLOBAL_ACCENT_COLOR_NAME = AccentColor;
				CODE_SIGN_ENTITLEMENTS = DevelApp/DevelApp.entitlements;
				CODE_SIGN_STYLE = Automatic;
				CURRENT_PROJECT_VERSION = 1;
				DEAD_CODE_STRIPPING = YES;
				DEVELOPMENT_ASSET_PATHS = "\"DevelApp/Preview Content\"";
				DEVELOPMENT_TEAM = 9J84E5CFM9;
				ENABLE_HARDENED_RUNTIME = YES;
				ENABLE_PREVIEWS = YES;
				GENERATE_INFOPLIST_FILE = YES;
				INFOPLIST_FILE = DevelApp/Info.plist;
				"INFOPLIST_KEY_UIApplicationSceneManifest_Generation[sdk=iphoneos*]" = YES;
				"INFOPLIST_KEY_UIApplicationSceneManifest_Generation[sdk=iphonesimulator*]" = YES;
				"INFOPLIST_KEY_UIApplicationSupportsIndirectInputEvents[sdk=iphoneos*]" = YES;
				"INFOPLIST_KEY_UIApplicationSupportsIndirectInputEvents[sdk=iphonesimulator*]" = YES;
				"INFOPLIST_KEY_UILaunchScreen_Generation[sdk=iphoneos*]" = YES;
				"INFOPLIST_KEY_UILaunchScreen_Generation[sdk=iphonesimulator*]" = YES;
				"INFOPLIST_KEY_UIStatusBarStyle[sdk=iphoneos*]" = UIStatusBarStyleDefault;
				"INFOPLIST_KEY_UIStatusBarStyle[sdk=iphonesimulator*]" = UIStatusBarStyleDefault;
				INFOPLIST_KEY_UISupportedInterfaceOrientations_iPad = "UIInterfaceOrientationPortrait UIInterfaceOrientationPortraitUpsideDown UIInterfaceOrientationLandscapeLeft UIInterfaceOrientationLandscapeRight";
				INFOPLIST_KEY_UISupportedInterfaceOrientations_iPhone = "UIInterfaceOrientationPortrait UIInterfaceOrientationLandscapeLeft UIInterfaceOrientationLandscapeRight";
				IPHONEOS_DEPLOYMENT_TARGET = 17.0;
				LD_RUNPATH_SEARCH_PATHS = "@executable_path/Frameworks";
				"LD_RUNPATH_SEARCH_PATHS[sdk=macosx*]" = "@executable_path/../Frameworks";
				MACOSX_DEPLOYMENT_TARGET = 13.5;
				MARKETING_VERSION = 1.0;
				PRODUCT_BUNDLE_IDENTIFIER = com.splunk.rum.DevelApp;
				PRODUCT_NAME = "$(TARGET_NAME)";
				SDKROOT = auto;
				SUPPORTED_PLATFORMS = "appletvos appletvsimulator iphoneos iphonesimulator xros xrsimulator";
				SUPPORTS_MACCATALYST = YES;
				SUPPORTS_MAC_DESIGNED_FOR_IPHONE_IPAD = YES;
				SUPPORTS_XR_DESIGNED_FOR_IPHONE_IPAD = YES;
				SWIFT_EMIT_LOC_STRINGS = YES;
				SWIFT_VERSION = 5.0;
				TARGETED_DEVICE_FAMILY = "1,2,3,7";
				TVOS_DEPLOYMENT_TARGET = 17.0;
				XROS_DEPLOYMENT_TARGET = 1.0;
			};
			name = Debug;
		};
		3384F2972AC8795800512D79 /* Release */ = {
			isa = XCBuildConfiguration;
			buildSettings = {
				ASSETCATALOG_COMPILER_APPICON_NAME = AppIcon;
				ASSETCATALOG_COMPILER_GLOBAL_ACCENT_COLOR_NAME = AccentColor;
				CODE_SIGN_ENTITLEMENTS = DevelApp/DevelApp.entitlements;
				CODE_SIGN_STYLE = Automatic;
				CURRENT_PROJECT_VERSION = 1;
				DEAD_CODE_STRIPPING = YES;
				DEVELOPMENT_ASSET_PATHS = "\"DevelApp/Preview Content\"";
				DEVELOPMENT_TEAM = 9J84E5CFM9;
				ENABLE_HARDENED_RUNTIME = YES;
				ENABLE_PREVIEWS = YES;
				GENERATE_INFOPLIST_FILE = YES;
				INFOPLIST_FILE = DevelApp/Info.plist;
				"INFOPLIST_KEY_UIApplicationSceneManifest_Generation[sdk=iphoneos*]" = YES;
				"INFOPLIST_KEY_UIApplicationSceneManifest_Generation[sdk=iphonesimulator*]" = YES;
				"INFOPLIST_KEY_UIApplicationSupportsIndirectInputEvents[sdk=iphoneos*]" = YES;
				"INFOPLIST_KEY_UIApplicationSupportsIndirectInputEvents[sdk=iphonesimulator*]" = YES;
				"INFOPLIST_KEY_UILaunchScreen_Generation[sdk=iphoneos*]" = YES;
				"INFOPLIST_KEY_UILaunchScreen_Generation[sdk=iphonesimulator*]" = YES;
				"INFOPLIST_KEY_UIStatusBarStyle[sdk=iphoneos*]" = UIStatusBarStyleDefault;
				"INFOPLIST_KEY_UIStatusBarStyle[sdk=iphonesimulator*]" = UIStatusBarStyleDefault;
				INFOPLIST_KEY_UISupportedInterfaceOrientations_iPad = "UIInterfaceOrientationPortrait UIInterfaceOrientationPortraitUpsideDown UIInterfaceOrientationLandscapeLeft UIInterfaceOrientationLandscapeRight";
				INFOPLIST_KEY_UISupportedInterfaceOrientations_iPhone = "UIInterfaceOrientationPortrait UIInterfaceOrientationLandscapeLeft UIInterfaceOrientationLandscapeRight";
				IPHONEOS_DEPLOYMENT_TARGET = 17.0;
				LD_RUNPATH_SEARCH_PATHS = "@executable_path/Frameworks";
				"LD_RUNPATH_SEARCH_PATHS[sdk=macosx*]" = "@executable_path/../Frameworks";
				MACOSX_DEPLOYMENT_TARGET = 13.5;
				MARKETING_VERSION = 1.0;
				PRODUCT_BUNDLE_IDENTIFIER = com.splunk.rum.DevelApp;
				PRODUCT_NAME = "$(TARGET_NAME)";
				SDKROOT = auto;
				SUPPORTED_PLATFORMS = "appletvos appletvsimulator iphoneos iphonesimulator xros xrsimulator";
				SUPPORTS_MACCATALYST = YES;
				SUPPORTS_MAC_DESIGNED_FOR_IPHONE_IPAD = YES;
				SUPPORTS_XR_DESIGNED_FOR_IPHONE_IPAD = YES;
				SWIFT_EMIT_LOC_STRINGS = YES;
				SWIFT_VERSION = 5.0;
				TARGETED_DEVICE_FAMILY = "1,2,3,7";
				TVOS_DEPLOYMENT_TARGET = 17.0;
				XROS_DEPLOYMENT_TARGET = 1.0;
			};
			name = Release;
		};
/* End XCBuildConfiguration section */

/* Begin XCConfigurationList section */
		3384F2812AC8795700512D79 /* Build configuration list for PBXProject "DevelApp" */ = {
			isa = XCConfigurationList;
			buildConfigurations = (
				3384F2932AC8795800512D79 /* Debug */,
				3384F2942AC8795800512D79 /* Release */,
			);
			defaultConfigurationIsVisible = 0;
			defaultConfigurationName = Release;
		};
		3384F2952AC8795800512D79 /* Build configuration list for PBXNativeTarget "DevelApp" */ = {
			isa = XCConfigurationList;
			buildConfigurations = (
				3384F2962AC8795800512D79 /* Debug */,
				3384F2972AC8795800512D79 /* Release */,
			);
			defaultConfigurationIsVisible = 0;
			defaultConfigurationName = Release;
		};
/* End XCConfigurationList section */

/* Begin XCLocalSwiftPackageReference section */
		4BD024D12DE79F9000ADB31D /* XCLocalSwiftPackageReference "../../../splunk-otel-ios" */ = {
			isa = XCLocalSwiftPackageReference;
			relativePath = "../../../splunk-otel-ios";
		};
/* End XCLocalSwiftPackageReference section */

/* Begin XCSwiftPackageProductDependency section */
		4BD024D22DE79F9000ADB31D /* SplunkAgent */ = {
			isa = XCSwiftPackageProductDependency;
			productName = SplunkAgent;
		};
/* End XCSwiftPackageProductDependency section */
	};
	rootObject = 3384F27E2AC8795700512D79 /* Project object */;
}
