{
  "pins" : [
    {
      "identity" : "smartlook-ios-sdk-private",
      "kind" : "remoteSourceControl",
      "location" : "git@github.com:smartlook/smartlook-ios-sdk-private.git",
      "state" : {
        "branch" : "develop",
        "revision" : "814c1a3e2650ee705ef0cfb0419000397bbf792a"
      }
    }
  ],
  "version" : 2
}
